lockfileVersion: '6.0'

settings:
  autoInstallPeers: true
  excludeLinksFromLockfile: false

dependencies:
  '@aws-sdk/client-s3':
    specifier: ^3.427.0
    version: 3.427.0
  axios:
    specifier: ^1.5.1
    version: 1.5.1
  rss-parser:
    specifier: ^3.13.0
    version: 3.13.0

devDependencies:
  '@types/node':
    specifier: ^20.8.6
    version: 20.8.6
  dotenv:
    specifier: ^16.3.1
    version: 16.3.1
  typescript:
    specifier: ^5.2.2
    version: 5.2.2

packages:

  /@aws-crypto/crc32@3.0.0:
    resolution: {integrity: sha512-IzSgsrxUcsrejQbPVilIKy16kAT52EwB6zSaI+M3xxIhKh5+aldEyvI+z6erM7TCLB2BJsFrtHjp6/4/sr+3dA==}
    dependencies:
      '@aws-crypto/util': 3.0.0
      '@aws-sdk/types': 3.425.0
      tslib: 1.14.1
    dev: false

  /@aws-crypto/crc32c@3.0.0:
    resolution: {integrity: sha512-ENNPPManmnVJ4BTXlOjAgD7URidbAznURqD0KvfREyc4o20DPYdEldU1f5cQ7Jbj0CJJSPaMIk/9ZshdB3210w==}
    dependencies:
      '@aws-crypto/util': 3.0.0
      '@aws-sdk/types': 3.425.0
      tslib: 1.14.1
    dev: false

  /@aws-crypto/ie11-detection@3.0.0:
    resolution: {integrity: sha512-341lBBkiY1DfDNKai/wXM3aujNBkXR7tq1URPQDL9wi3AUbI80NR74uF1TXHMm7po1AcnFk8iu2S2IeU/+/A+Q==}
    dependencies:
      tslib: 1.14.1
    dev: false

  /@aws-crypto/sha1-browser@3.0.0:
    resolution: {integrity: sha512-NJth5c997GLHs6nOYTzFKTbYdMNA6/1XlKVgnZoaZcQ7z7UJlOgj2JdbHE8tiYLS3fzXNCguct77SPGat2raSw==}
    dependencies:
      '@aws-crypto/ie11-detection': 3.0.0
      '@aws-crypto/supports-web-crypto': 3.0.0
      '@aws-crypto/util': 3.0.0
      '@aws-sdk/types': 3.425.0
      '@aws-sdk/util-locate-window': 3.310.0
      '@aws-sdk/util-utf8-browser': 3.259.0
      tslib: 1.14.1
    dev: false

  /@aws-crypto/sha256-browser@3.0.0:
    resolution: {integrity: sha512-8VLmW2B+gjFbU5uMeqtQM6Nj0/F1bro80xQXCW6CQBWgosFWXTx77aeOF5CAIAmbOK64SdMBJdNr6J41yP5mvQ==}
    dependencies:
      '@aws-crypto/ie11-detection': 3.0.0
      '@aws-crypto/sha256-js': 3.0.0
      '@aws-crypto/supports-web-crypto': 3.0.0
      '@aws-crypto/util': 3.0.0
      '@aws-sdk/types': 3.425.0
      '@aws-sdk/util-locate-window': 3.310.0
      '@aws-sdk/util-utf8-browser': 3.259.0
      tslib: 1.14.1
    dev: false

  /@aws-crypto/sha256-js@3.0.0:
    resolution: {integrity: sha512-PnNN7os0+yd1XvXAy23CFOmTbMaDxgxXtTKHybrJ39Y8kGzBATgBFibWJKH6BhytLI/Zyszs87xCOBNyBig6vQ==}
    dependencies:
      '@aws-crypto/util': 3.0.0
      '@aws-sdk/types': 3.425.0
      tslib: 1.14.1
    dev: false

  /@aws-crypto/supports-web-crypto@3.0.0:
    resolution: {integrity: sha512-06hBdMwUAb2WFTuGG73LSC0wfPu93xWwo5vL2et9eymgmu3Id5vFAHBbajVWiGhPO37qcsdCap/FqXvJGJWPIg==}
    dependencies:
      tslib: 1.14.1
    dev: false

  /@aws-crypto/util@3.0.0:
    resolution: {integrity: sha512-2OJlpeJpCR48CC8r+uKVChzs9Iungj9wkZrl8Z041DWEWvyIHILYKCPNzJghKsivj+S3mLo6BVc7mBNzdxA46w==}
    dependencies:
      '@aws-sdk/types': 3.425.0
      '@aws-sdk/util-utf8-browser': 3.259.0
      tslib: 1.14.1
    dev: false

  /@aws-sdk/client-s3@3.427.0:
    resolution: {integrity: sha512-YKjJ9zgn0oE393HURKgvjNoX6lxUjb+dkTBE1GymFnGCPl6VxQbKXajXWNqUyN+oPPlZ2osEiljPaN0RserUjA==}
    engines: {node: '>=14.0.0'}
    dependencies:
      '@aws-crypto/sha1-browser': 3.0.0
      '@aws-crypto/sha256-browser': 3.0.0
      '@aws-crypto/sha256-js': 3.0.0
      '@aws-sdk/client-sts': 3.427.0
      '@aws-sdk/credential-provider-node': 3.427.0
      '@aws-sdk/middleware-bucket-endpoint': 3.425.0
      '@aws-sdk/middleware-expect-continue': 3.425.0
      '@aws-sdk/middleware-flexible-checksums': 3.425.0
      '@aws-sdk/middleware-host-header': 3.425.0
      '@aws-sdk/middleware-location-constraint': 3.425.0
      '@aws-sdk/middleware-logger': 3.425.0
      '@aws-sdk/middleware-recursion-detection': 3.425.0
      '@aws-sdk/middleware-sdk-s3': 3.427.0
      '@aws-sdk/middleware-signing': 3.425.0
      '@aws-sdk/middleware-ssec': 3.425.0
      '@aws-sdk/middleware-user-agent': 3.427.0
      '@aws-sdk/region-config-resolver': 3.425.0
      '@aws-sdk/signature-v4-multi-region': 3.425.0
      '@aws-sdk/types': 3.425.0
      '@aws-sdk/util-endpoints': 3.427.0
      '@aws-sdk/util-user-agent-browser': 3.425.0
      '@aws-sdk/util-user-agent-node': 3.425.0
      '@aws-sdk/xml-builder': 3.310.0
      '@smithy/config-resolver': 2.0.14
      '@smithy/eventstream-serde-browser': 2.0.11
      '@smithy/eventstream-serde-config-resolver': 2.0.11
      '@smithy/eventstream-serde-node': 2.0.11
      '@smithy/fetch-http-handler': 2.2.2
      '@smithy/hash-blob-browser': 2.0.11
      '@smithy/hash-node': 2.0.11
      '@smithy/hash-stream-node': 2.0.11
      '@smithy/invalid-dependency': 2.0.11
      '@smithy/md5-js': 2.0.11
      '@smithy/middleware-content-length': 2.0.13
      '@smithy/middleware-endpoint': 2.0.11
      '@smithy/middleware-retry': 2.0.16
      '@smithy/middleware-serde': 2.0.11
      '@smithy/middleware-stack': 2.0.5
      '@smithy/node-config-provider': 2.1.1
      '@smithy/node-http-handler': 2.1.7
      '@smithy/protocol-http': 3.0.7
      '@smithy/smithy-client': 2.1.10
      '@smithy/types': 2.3.5
      '@smithy/url-parser': 2.0.11
      '@smithy/util-base64': 2.0.0
      '@smithy/util-body-length-browser': 2.0.0
      '@smithy/util-body-length-node': 2.1.0
      '@smithy/util-defaults-mode-browser': 2.0.14
      '@smithy/util-defaults-mode-node': 2.0.18
      '@smithy/util-retry': 2.0.4
      '@smithy/util-stream': 2.0.15
      '@smithy/util-utf8': 2.0.0
      '@smithy/util-waiter': 2.0.11
      fast-xml-parser: 4.2.5
      tslib: 2.6.2
    transitivePeerDependencies:
      - aws-crt
    dev: false

  /@aws-sdk/client-sso@3.427.0:
    resolution: {integrity: sha512-sFVFEmsQ1rmgYO1SgrOTxE/MTKpeE4hpOkm1WqhLQK7Ij136vXpjCxjH1JYZiHiUzO1wr9t4ex4dlB5J3VS/Xg==}
    engines: {node: '>=14.0.0'}
    dependencies:
      '@aws-crypto/sha256-browser': 3.0.0
      '@aws-crypto/sha256-js': 3.0.0
      '@aws-sdk/middleware-host-header': 3.425.0
      '@aws-sdk/middleware-logger': 3.425.0
      '@aws-sdk/middleware-recursion-detection': 3.425.0
      '@aws-sdk/middleware-user-agent': 3.427.0
      '@aws-sdk/region-config-resolver': 3.425.0
      '@aws-sdk/types': 3.425.0
      '@aws-sdk/util-endpoints': 3.427.0
      '@aws-sdk/util-user-agent-browser': 3.425.0
      '@aws-sdk/util-user-agent-node': 3.425.0
      '@smithy/config-resolver': 2.0.14
      '@smithy/fetch-http-handler': 2.2.2
      '@smithy/hash-node': 2.0.11
      '@smithy/invalid-dependency': 2.0.11
      '@smithy/middleware-content-length': 2.0.13
      '@smithy/middleware-endpoint': 2.0.11
      '@smithy/middleware-retry': 2.0.16
      '@smithy/middleware-serde': 2.0.11
      '@smithy/middleware-stack': 2.0.5
      '@smithy/node-config-provider': 2.1.1
      '@smithy/node-http-handler': 2.1.7
      '@smithy/protocol-http': 3.0.7
      '@smithy/smithy-client': 2.1.10
      '@smithy/types': 2.3.5
      '@smithy/url-parser': 2.0.11
      '@smithy/util-base64': 2.0.0
      '@smithy/util-body-length-browser': 2.0.0
      '@smithy/util-body-length-node': 2.1.0
      '@smithy/util-defaults-mode-browser': 2.0.14
      '@smithy/util-defaults-mode-node': 2.0.18
      '@smithy/util-retry': 2.0.4
      '@smithy/util-utf8': 2.0.0
      tslib: 2.6.2
    transitivePeerDependencies:
      - aws-crt
    dev: false

  /@aws-sdk/client-sts@3.427.0:
    resolution: {integrity: sha512-le2wLJKILyWuRfPz2HbyaNtu5kEki+ojUkTqCU6FPDRrqUvEkaaCBH9Awo/2AtrCfRkiobop8RuTTj6cAnpiJg==}
    engines: {node: '>=14.0.0'}
    dependencies:
      '@aws-crypto/sha256-browser': 3.0.0
      '@aws-crypto/sha256-js': 3.0.0
      '@aws-sdk/credential-provider-node': 3.427.0
      '@aws-sdk/middleware-host-header': 3.425.0
      '@aws-sdk/middleware-logger': 3.425.0
      '@aws-sdk/middleware-recursion-detection': 3.425.0
      '@aws-sdk/middleware-sdk-sts': 3.425.0
      '@aws-sdk/middleware-signing': 3.425.0
      '@aws-sdk/middleware-user-agent': 3.427.0
      '@aws-sdk/region-config-resolver': 3.425.0
      '@aws-sdk/types': 3.425.0
      '@aws-sdk/util-endpoints': 3.427.0
      '@aws-sdk/util-user-agent-browser': 3.425.0
      '@aws-sdk/util-user-agent-node': 3.425.0
      '@smithy/config-resolver': 2.0.14
      '@smithy/fetch-http-handler': 2.2.2
      '@smithy/hash-node': 2.0.11
      '@smithy/invalid-dependency': 2.0.11
      '@smithy/middleware-content-length': 2.0.13
      '@smithy/middleware-endpoint': 2.0.11
      '@smithy/middleware-retry': 2.0.16
      '@smithy/middleware-serde': 2.0.11
      '@smithy/middleware-stack': 2.0.5
      '@smithy/node-config-provider': 2.1.1
      '@smithy/node-http-handler': 2.1.7
      '@smithy/protocol-http': 3.0.7
      '@smithy/smithy-client': 2.1.10
      '@smithy/types': 2.3.5
      '@smithy/url-parser': 2.0.11
      '@smithy/util-base64': 2.0.0
      '@smithy/util-body-length-browser': 2.0.0
      '@smithy/util-body-length-node': 2.1.0
      '@smithy/util-defaults-mode-browser': 2.0.14
      '@smithy/util-defaults-mode-node': 2.0.18
      '@smithy/util-retry': 2.0.4
      '@smithy/util-utf8': 2.0.0
      fast-xml-parser: 4.2.5
      tslib: 2.6.2
    transitivePeerDependencies:
      - aws-crt
    dev: false

  /@aws-sdk/credential-provider-env@3.425.0:
    resolution: {integrity: sha512-J20etnLvMKXRVi5FK4F8yOCNm2RTaQn5psQTGdDEPWJNGxohcSpzzls8U2KcMyUJ+vItlrThr4qwgpHG3i/N0w==}
    engines: {node: '>=14.0.0'}
    dependencies:
      '@aws-sdk/types': 3.425.0
      '@smithy/property-provider': 2.0.10
      '@smithy/types': 2.3.5
      tslib: 2.6.2
    dev: false

  /@aws-sdk/credential-provider-ini@3.427.0:
    resolution: {integrity: sha512-NmH1cO/w98CKMltYec3IrJIIco19wRjATFNiw83c+FGXZ+InJwReqBnruxIOmKTx2KDzd6fwU1HOewS7UjaaaQ==}
    engines: {node: '>=14.0.0'}
    dependencies:
      '@aws-sdk/credential-provider-env': 3.425.0
      '@aws-sdk/credential-provider-process': 3.425.0
      '@aws-sdk/credential-provider-sso': 3.427.0
      '@aws-sdk/credential-provider-web-identity': 3.425.0
      '@aws-sdk/types': 3.425.0
      '@smithy/credential-provider-imds': 2.0.12
      '@smithy/property-provider': 2.0.10
      '@smithy/shared-ini-file-loader': 2.0.11
      '@smithy/types': 2.3.5
      tslib: 2.6.2
    transitivePeerDependencies:
      - aws-crt
    dev: false

  /@aws-sdk/credential-provider-node@3.427.0:
    resolution: {integrity: sha512-wYYbQ57nKL8OfgRbl8k6uXcdnYml+p3LSSfDUAuUEp1HKlQ8lOXFJ3BdLr5qrk7LhpyppSRnWBmh2c3kWa7ANQ==}
    engines: {node: '>=14.0.0'}
    dependencies:
      '@aws-sdk/credential-provider-env': 3.425.0
      '@aws-sdk/credential-provider-ini': 3.427.0
      '@aws-sdk/credential-provider-process': 3.425.0
      '@aws-sdk/credential-provider-sso': 3.427.0
      '@aws-sdk/credential-provider-web-identity': 3.425.0
      '@aws-sdk/types': 3.425.0
      '@smithy/credential-provider-imds': 2.0.12
      '@smithy/property-provider': 2.0.10
      '@smithy/shared-ini-file-loader': 2.0.11
      '@smithy/types': 2.3.5
      tslib: 2.6.2
    transitivePeerDependencies:
      - aws-crt
    dev: false

  /@aws-sdk/credential-provider-process@3.425.0:
    resolution: {integrity: sha512-YY6tkLdvtb1Fgofp3b1UWO+5vwS14LJ/smGmuGpSba0V7gFJRdcrJ9bcb9vVgAGuMdjzRJ+bUKlLLtqXkaykEw==}
    engines: {node: '>=14.0.0'}
    dependencies:
      '@aws-sdk/types': 3.425.0
      '@smithy/property-provider': 2.0.10
      '@smithy/shared-ini-file-loader': 2.0.11
      '@smithy/types': 2.3.5
      tslib: 2.6.2
    dev: false

  /@aws-sdk/credential-provider-sso@3.427.0:
    resolution: {integrity: sha512-c+tXyS/i49erHs4bAp6vKNYeYlyQ0VNMBgoco0LCn1rL0REtHbfhWMnqDLF6c2n3yIWDOTrQu0D73Idnpy16eA==}
    engines: {node: '>=14.0.0'}
    dependencies:
      '@aws-sdk/client-sso': 3.427.0
      '@aws-sdk/token-providers': 3.427.0
      '@aws-sdk/types': 3.425.0
      '@smithy/property-provider': 2.0.10
      '@smithy/shared-ini-file-loader': 2.0.11
      '@smithy/types': 2.3.5
      tslib: 2.6.2
    transitivePeerDependencies:
      - aws-crt
    dev: false

  /@aws-sdk/credential-provider-web-identity@3.425.0:
    resolution: {integrity: sha512-/0R65TgRzL01JU3SzloivWNwdkbIhr06uY/F5pBHf/DynQqaspKNfdHn6AiozgSVDfwRHFjKBTUy6wvf3QFkuA==}
    engines: {node: '>=14.0.0'}
    dependencies:
      '@aws-sdk/types': 3.425.0
      '@smithy/property-provider': 2.0.10
      '@smithy/types': 2.3.5
      tslib: 2.6.2
    dev: false

  /@aws-sdk/middleware-bucket-endpoint@3.425.0:
    resolution: {integrity: sha512-7UTfA10fmDw9cgHLApxRUNPywZTG4S/1TNZgTxndO/1OM9ZHtIatw1iLbqJD35gHrpEYI8Vo14YvcnD2ITuiMw==}
    engines: {node: '>=14.0.0'}
    dependencies:
      '@aws-sdk/types': 3.425.0
      '@aws-sdk/util-arn-parser': 3.310.0
      '@smithy/node-config-provider': 2.1.1
      '@smithy/protocol-http': 3.0.7
      '@smithy/types': 2.3.5
      '@smithy/util-config-provider': 2.0.0
      tslib: 2.6.2
    dev: false

  /@aws-sdk/middleware-expect-continue@3.425.0:
    resolution: {integrity: sha512-CqAmnDST2o7+sKKw2/ffHKiYKE+jZb/Ce9U0P//ZYzqp9R1Wb016ID+W6DoxufyPJAS9dpRMcUDnAssmMIC/EA==}
    engines: {node: '>=14.0.0'}
    dependencies:
      '@aws-sdk/types': 3.425.0
      '@smithy/protocol-http': 3.0.7
      '@smithy/types': 2.3.5
      tslib: 2.6.2
    dev: false

  /@aws-sdk/middleware-flexible-checksums@3.425.0:
    resolution: {integrity: sha512-BDwn2vVVsC/AzmHXQlaZhEpKXL7GfKFpH7ZFccZuwEQBcyn8lVCcwtfaRe5P1mEe2wklVzOXd1dw8bt0+BOUPA==}
    engines: {node: '>=14.0.0'}
    dependencies:
      '@aws-crypto/crc32': 3.0.0
      '@aws-crypto/crc32c': 3.0.0
      '@aws-sdk/types': 3.425.0
      '@smithy/is-array-buffer': 2.0.0
      '@smithy/protocol-http': 3.0.7
      '@smithy/types': 2.3.5
      '@smithy/util-utf8': 2.0.0
      tslib: 2.6.2
    dev: false

  /@aws-sdk/middleware-host-header@3.425.0:
    resolution: {integrity: sha512-E5Gt41LObQ+cr8QnLthwsH3MtVSNXy1AKJMowDr85h0vzqA/FHUkgHyOGntgozzjXT5M0MaSRYxS0xwTR5D4Ew==}
    engines: {node: '>=14.0.0'}
    dependencies:
      '@aws-sdk/types': 3.425.0
      '@smithy/protocol-http': 3.0.7
      '@smithy/types': 2.3.5
      tslib: 2.6.2
    dev: false

  /@aws-sdk/middleware-location-constraint@3.425.0:
    resolution: {integrity: sha512-3rt0LpGmL1LCRFuEObS1yERd9OEV+AEIAvhY7b53M7u7SyrjWQtpntWkI365L/QljhgMXQBfps2qO4JtrhQnsA==}
    engines: {node: '>=14.0.0'}
    dependencies:
      '@aws-sdk/types': 3.425.0
      '@smithy/types': 2.3.5
      tslib: 2.6.2
    dev: false

  /@aws-sdk/middleware-logger@3.425.0:
    resolution: {integrity: sha512-INE9XWRXx2f4a/r2vOU0tAmgctVp7nEaEasemNtVBYhqbKLZvr9ndLBSgKGgJ8LIcXAoISipaMuFiqIGkFsm7A==}
    engines: {node: '>=14.0.0'}
    dependencies:
      '@aws-sdk/types': 3.425.0
      '@smithy/types': 2.3.5
      tslib: 2.6.2
    dev: false

  /@aws-sdk/middleware-recursion-detection@3.425.0:
    resolution: {integrity: sha512-77gnzJ5b91bgD75L/ugpOyerx6lR3oyS4080X1YI58EzdyBMkDrHM4FbMcY2RynETi3lwXCFzLRyZjWXY1mRlw==}
    engines: {node: '>=14.0.0'}
    dependencies:
      '@aws-sdk/types': 3.425.0
      '@smithy/protocol-http': 3.0.7
      '@smithy/types': 2.3.5
      tslib: 2.6.2
    dev: false

  /@aws-sdk/middleware-sdk-s3@3.427.0:
    resolution: {integrity: sha512-virGCf9vsqYCLpmngLOZOVSYgVr2cCOCvTuRoT9vf5tD/63JwaC173jnbdoJO6CWI7ID5Iz0eNdgITXVQ2mpew==}
    engines: {node: '>=14.0.0'}
    dependencies:
      '@aws-sdk/types': 3.425.0
      '@aws-sdk/util-arn-parser': 3.310.0
      '@smithy/protocol-http': 3.0.7
      '@smithy/smithy-client': 2.1.10
      '@smithy/types': 2.3.5
      tslib: 2.6.2
    dev: false

  /@aws-sdk/middleware-sdk-sts@3.425.0:
    resolution: {integrity: sha512-JFojrg76oKAoBknnr9EL5N2aJ1mRCtBqXoZYST58GSx8uYdFQ89qS65VNQ8JviBXzsrCNAn4vDhZ5Ch5E6TxGQ==}
    engines: {node: '>=14.0.0'}
    dependencies:
      '@aws-sdk/middleware-signing': 3.425.0
      '@aws-sdk/types': 3.425.0
      '@smithy/types': 2.3.5
      tslib: 2.6.2
    dev: false

  /@aws-sdk/middleware-signing@3.425.0:
    resolution: {integrity: sha512-ZpOfgJHk7ovQ0sSwg3tU4NxFOnz53lJlkJRf7S+wxQALHM0P2MJ6LYBrZaFMVsKiJxNIdZBXD6jclgHg72ZW6Q==}
    engines: {node: '>=14.0.0'}
    dependencies:
      '@aws-sdk/types': 3.425.0
      '@smithy/property-provider': 2.0.10
      '@smithy/protocol-http': 3.0.7
      '@smithy/signature-v4': 2.0.5
      '@smithy/types': 2.3.5
      '@smithy/util-middleware': 2.0.4
      tslib: 2.6.2
    dev: false

  /@aws-sdk/middleware-ssec@3.425.0:
    resolution: {integrity: sha512-9HTuXnHYAZWkwPC8x9tElsQjFPxDT//orbIFauS7VF5HkLCKn9J6O6lW1wKMxrEnDwfN/Vi3nw479MoPj5Ss0Q==}
    engines: {node: '>=14.0.0'}
    dependencies:
      '@aws-sdk/types': 3.425.0
      '@smithy/types': 2.3.5
      tslib: 2.6.2
    dev: false

  /@aws-sdk/middleware-user-agent@3.427.0:
    resolution: {integrity: sha512-y9HxYsNvnA3KqDl8w1jHeCwz4P9CuBEtu/G+KYffLeAMBsMZmh4SIkFFCO9wE/dyYg6+yo07rYcnnIfy7WA0bw==}
    engines: {node: '>=14.0.0'}
    dependencies:
      '@aws-sdk/types': 3.425.0
      '@aws-sdk/util-endpoints': 3.427.0
      '@smithy/protocol-http': 3.0.7
      '@smithy/types': 2.3.5
      tslib: 2.6.2
    dev: false

  /@aws-sdk/region-config-resolver@3.425.0:
    resolution: {integrity: sha512-u7uv/iUOapIJdRgRkO3wnpYsUgV6ponsZJQgVg/8L+n+Vo5PQL5gAcIuAOwcYSKQPFaeK+KbmByI4SyOK203Vw==}
    engines: {node: '>=14.0.0'}
    dependencies:
      '@smithy/node-config-provider': 2.1.1
      '@smithy/types': 2.3.5
      '@smithy/util-config-provider': 2.0.0
      '@smithy/util-middleware': 2.0.4
      tslib: 2.6.2
    dev: false

  /@aws-sdk/signature-v4-multi-region@3.425.0:
    resolution: {integrity: sha512-7n2FRPE9rLaVa26xXQJ8TExrt53dWN824axQd1a0r5va0SmMQYG/iV5LBmwUlAntUSq46Lse4Q5YnbOVedGOmw==}
    engines: {node: '>=14.0.0'}
    dependencies:
      '@aws-sdk/types': 3.425.0
      '@smithy/protocol-http': 3.0.7
      '@smithy/signature-v4': 2.0.5
      '@smithy/types': 2.3.5
      tslib: 2.6.2
    dev: false

  /@aws-sdk/token-providers@3.427.0:
    resolution: {integrity: sha512-4E5E+4p8lJ69PBY400dJXF06LUHYx5lkKzBEsYqWWhoZcoftrvi24ltIhUDoGVLkrLcTHZIWSdFAWSos4hXqeg==}
    engines: {node: '>=14.0.0'}
    dependencies:
      '@aws-crypto/sha256-browser': 3.0.0
      '@aws-crypto/sha256-js': 3.0.0
      '@aws-sdk/middleware-host-header': 3.425.0
      '@aws-sdk/middleware-logger': 3.425.0
      '@aws-sdk/middleware-recursion-detection': 3.425.0
      '@aws-sdk/middleware-user-agent': 3.427.0
      '@aws-sdk/types': 3.425.0
      '@aws-sdk/util-endpoints': 3.427.0
      '@aws-sdk/util-user-agent-browser': 3.425.0
      '@aws-sdk/util-user-agent-node': 3.425.0
      '@smithy/config-resolver': 2.0.14
      '@smithy/fetch-http-handler': 2.2.2
      '@smithy/hash-node': 2.0.11
      '@smithy/invalid-dependency': 2.0.11
      '@smithy/middleware-content-length': 2.0.13
      '@smithy/middleware-endpoint': 2.0.11
      '@smithy/middleware-retry': 2.0.16
      '@smithy/middleware-serde': 2.0.11
      '@smithy/middleware-stack': 2.0.5
      '@smithy/node-config-provider': 2.1.1
      '@smithy/node-http-handler': 2.1.7
      '@smithy/property-provider': 2.0.10
      '@smithy/protocol-http': 3.0.7
      '@smithy/shared-ini-file-loader': 2.0.11
      '@smithy/smithy-client': 2.1.10
      '@smithy/types': 2.3.5
      '@smithy/url-parser': 2.0.11
      '@smithy/util-base64': 2.0.0
      '@smithy/util-body-length-browser': 2.0.0
      '@smithy/util-body-length-node': 2.1.0
      '@smithy/util-defaults-mode-browser': 2.0.14
      '@smithy/util-defaults-mode-node': 2.0.18
      '@smithy/util-retry': 2.0.4
      '@smithy/util-utf8': 2.0.0
      tslib: 2.6.2
    transitivePeerDependencies:
      - aws-crt
    dev: false

  /@aws-sdk/types@3.425.0:
    resolution: {integrity: sha512-6lqbmorwerN4v+J5dqbHPAsjynI0mkEF+blf+69QTaKKGaxBBVaXgqoqul9RXYcK5MMrrYRbQIMd0zYOoy90kA==}
    engines: {node: '>=14.0.0'}
    dependencies:
      '@smithy/types': 2.3.5
      tslib: 2.6.2
    dev: false

  /@aws-sdk/util-arn-parser@3.310.0:
    resolution: {integrity: sha512-jL8509owp/xB9+Or0pvn3Fe+b94qfklc2yPowZZIFAkFcCSIdkIglz18cPDWnYAcy9JGewpMS1COXKIUhZkJsA==}
    engines: {node: '>=14.0.0'}
    dependencies:
      tslib: 2.6.2
    dev: false

  /@aws-sdk/util-endpoints@3.427.0:
    resolution: {integrity: sha512-rSyiAIFF/EVvity/+LWUqoTMJ0a25RAc9iqx0WZ4tf1UjuEXRRXxZEb+jEZg1bk+pY84gdLdx9z5E+MSJCZxNQ==}
    engines: {node: '>=14.0.0'}
    dependencies:
      '@aws-sdk/types': 3.425.0
      '@smithy/node-config-provider': 2.1.1
      tslib: 2.6.2
    dev: false

  /@aws-sdk/util-locate-window@3.310.0:
    resolution: {integrity: sha512-qo2t/vBTnoXpjKxlsC2e1gBrRm80M3bId27r0BRB2VniSSe7bL1mmzM+/HFtujm0iAxtPM+aLEflLJlJeDPg0w==}
    engines: {node: '>=14.0.0'}
    dependencies:
      tslib: 2.6.2
    dev: false

  /@aws-sdk/util-user-agent-browser@3.425.0:
    resolution: {integrity: sha512-22Y9iMtjGcFjGILR6/xdp1qRezlHVLyXtnpEsbuPTiernRCPk6zfAnK/ATH77r02MUjU057tdxVkd5umUBTn9Q==}
    dependencies:
      '@aws-sdk/types': 3.425.0
      '@smithy/types': 2.3.5
      bowser: 2.11.0
      tslib: 2.6.2
    dev: false

  /@aws-sdk/util-user-agent-node@3.425.0:
    resolution: {integrity: sha512-SIR4F5uQeeVAi8lv4OgRirtdtNi5zeyogTuQgGi9su8F/WP1N6JqxofcwpUY5f8/oJ2UlXr/tx1f09UHfJJzvA==}
    engines: {node: '>=14.0.0'}
    peerDependencies:
      aws-crt: '>=1.0.0'
    peerDependenciesMeta:
      aws-crt:
        optional: true
    dependencies:
      '@aws-sdk/types': 3.425.0
      '@smithy/node-config-provider': 2.1.1
      '@smithy/types': 2.3.5
      tslib: 2.6.2
    dev: false

  /@aws-sdk/util-utf8-browser@3.259.0:
    resolution: {integrity: sha512-UvFa/vR+e19XookZF8RzFZBrw2EUkQWxiBW0yYQAhvk3C+QVGl0H3ouca8LDBlBfQKXwmW3huo/59H8rwb1wJw==}
    dependencies:
      tslib: 2.6.2
    dev: false

  /@aws-sdk/xml-builder@3.310.0:
    resolution: {integrity: sha512-TqELu4mOuSIKQCqj63fGVs86Yh+vBx5nHRpWKNUNhB2nPTpfbziTs5c1X358be3peVWA4wPxW7Nt53KIg1tnNw==}
    engines: {node: '>=14.0.0'}
    dependencies:
      tslib: 2.6.2
    dev: false

  /@smithy/abort-controller@2.0.11:
    resolution: {integrity: sha512-MSzE1qR2JNyb7ot3blIOT3O3H0Jn06iNDEgHRaqZUwBgx5EG+VIx24Y21tlKofzYryIOcWpIohLrIIyocD6LMA==}
    engines: {node: '>=14.0.0'}
    dependencies:
      '@smithy/types': 2.3.5
      tslib: 2.6.2
    dev: false

  /@smithy/chunked-blob-reader-native@2.0.0:
    resolution: {integrity: sha512-HM8V2Rp1y8+1343tkZUKZllFhEQPNmpNdgFAncbTsxkZ18/gqjk23XXv3qGyXWp412f3o43ZZ1UZHVcHrpRnCQ==}
    dependencies:
      '@smithy/util-base64': 2.0.0
      tslib: 2.6.2
    dev: false

  /@smithy/chunked-blob-reader@2.0.0:
    resolution: {integrity: sha512-k+J4GHJsMSAIQPChGBrjEmGS+WbPonCXesoqP9fynIqjn7rdOThdH8FAeCmokP9mxTYKQAKoHCLPzNlm6gh7Wg==}
    dependencies:
      tslib: 2.6.2
    dev: false

  /@smithy/config-resolver@2.0.14:
    resolution: {integrity: sha512-K1K+FuWQoy8j/G7lAmK85o03O89s2Vvh6kMFmzEmiHUoQCRH1rzbDtMnGNiaMHeSeYJ6y79IyTusdRG+LuWwtg==}
    engines: {node: '>=14.0.0'}
    dependencies:
      '@smithy/node-config-provider': 2.1.1
      '@smithy/types': 2.3.5
      '@smithy/util-config-provider': 2.0.0
      '@smithy/util-middleware': 2.0.4
      tslib: 2.6.2
    dev: false

  /@smithy/credential-provider-imds@2.0.12:
    resolution: {integrity: sha512-S3lUNe+2fEFwKcmiQniXGPXt69vaHvQCw8kYQOBL4OvJsgwfpkIYDZdroHbTshYi0M6WaKL26Mw+hvgma6dZqA==}
    engines: {node: '>=14.0.0'}
    dependencies:
      '@smithy/node-config-provider': 2.1.1
      '@smithy/property-provider': 2.0.10
      '@smithy/types': 2.3.5
      '@smithy/url-parser': 2.0.11
      tslib: 2.6.2
    dev: false

  /@smithy/credential-provider-imds@2.0.16:
    resolution: {integrity: sha512-tKa2xF+69TvGxJT+lnJpGrKxUuAZDLYXFhqnPEgnHz+psTpkpcB4QRjHj63+uj83KaeFJdTfW201eLZeRn6FfA==}
    engines: {node: '>=14.0.0'}
    dependencies:
      '@smithy/node-config-provider': 2.1.1
      '@smithy/property-provider': 2.0.12
      '@smithy/types': 2.3.5
      '@smithy/url-parser': 2.0.11
      tslib: 2.6.2
    dev: false

  /@smithy/eventstream-codec@2.0.11:
    resolution: {integrity: sha512-BQCTjxhCYRZIfXapa2LmZSaH8QUBGwMZw7XRN83hrdixbLjIcj+o549zjkedFS07Ve2TlvWUI6BTzP+nv7snBA==}
    dependencies:
      '@aws-crypto/crc32': 3.0.0
      '@smithy/types': 2.3.5
      '@smithy/util-hex-encoding': 2.0.0
      tslib: 2.6.2
    dev: false

  /@smithy/eventstream-codec@2.0.9:
    resolution: {integrity: sha512-sy0pcbKnawt1iu+qCoSFbs/h9PAaUgvlJEO3lqkE1HFFj4p5RgL98vH+9CyDoj6YY82cG5XsorFmcLqQJHTOYw==}
    dependencies:
      '@aws-crypto/crc32': 3.0.0
      '@smithy/types': 2.3.5
      '@smithy/util-hex-encoding': 2.0.0
      tslib: 2.6.2
    dev: false

  /@smithy/eventstream-serde-browser@2.0.11:
    resolution: {integrity: sha512-p9IK4uvwT6B3pT1VGlODvcVBfPVikjBFHAcKpvvNF+7lAEI+YiC6d0SROPkpjnvCgVBYyGXa3ciqrWnFze6mwQ==}
    engines: {node: '>=14.0.0'}
    dependencies:
      '@smithy/eventstream-serde-universal': 2.0.11
      '@smithy/types': 2.3.5
      tslib: 2.6.2
    dev: false

  /@smithy/eventstream-serde-config-resolver@2.0.11:
    resolution: {integrity: sha512-vN32E8yExo0Z8L7kXhlU9KRURrhqOpPdLxQMp3MwfMThrjiqbr1Sk5srUXc1ed2Ygl/l0TEN9vwNG0bQHg6AjQ==}
    engines: {node: '>=14.0.0'}
    dependencies:
      '@smithy/types': 2.3.5
      tslib: 2.6.2
    dev: false

  /@smithy/eventstream-serde-node@2.0.11:
    resolution: {integrity: sha512-Gjqbpg7UmD+YzkpgNShNcDNZcUpBWIkvX2XCGptz5PoxJU/UQbuF9eSc93ZlIb7j4aGjtFfqk23HUMW8Hopg2Q==}
    engines: {node: '>=14.0.0'}
    dependencies:
      '@smithy/eventstream-serde-universal': 2.0.11
      '@smithy/types': 2.3.5
      tslib: 2.6.2
    dev: false

  /@smithy/eventstream-serde-universal@2.0.11:
    resolution: {integrity: sha512-F8FsxLTbFN4+Esgpo+nNKcEajrgRZJ+pG9c8+MhLM4Odp5ejLHw2GMCXd81cGsgmfcbnzdDEXazPPVzOwj89MQ==}
    engines: {node: '>=14.0.0'}
    dependencies:
      '@smithy/eventstream-codec': 2.0.11
      '@smithy/types': 2.3.5
      tslib: 2.6.2
    dev: false

  /@smithy/fetch-http-handler@2.2.2:
    resolution: {integrity: sha512-K7aRtRuaBjzlk+jWWeyfDTLAmRRvmA4fU8eHUXtjsuEDgi3f356ZE32VD2ssxIH13RCLVZbXMt5h7wHzYiSuVA==}
    dependencies:
      '@smithy/protocol-http': 3.0.7
      '@smithy/querystring-builder': 2.0.11
      '@smithy/types': 2.3.5
      '@smithy/util-base64': 2.0.0
      tslib: 2.6.2
    dev: false

  /@smithy/hash-blob-browser@2.0.11:
    resolution: {integrity: sha512-/6vq/NiH2EN3mWdwcLdjVohP+VCng+ZA1GnlUdx959egsfgIlLWQvCyjnB2ze9Hr6VHV5XEFLLpLQH2dHA6Sgw==}
    dependencies:
      '@smithy/chunked-blob-reader': 2.0.0
      '@smithy/chunked-blob-reader-native': 2.0.0
      '@smithy/types': 2.3.5
      tslib: 2.6.2
    dev: false

  /@smithy/hash-node@2.0.11:
    resolution: {integrity: sha512-PbleVugN2tbhl1ZoNWVrZ1oTFFas/Hq+s6zGO8B9bv4w/StTriTKA9W+xZJACOj9X7zwfoTLbscM+avCB1KqOQ==}
    engines: {node: '>=14.0.0'}
    dependencies:
      '@smithy/types': 2.3.5
      '@smithy/util-buffer-from': 2.0.0
      '@smithy/util-utf8': 2.0.0
      tslib: 2.6.2
    dev: false

  /@smithy/hash-stream-node@2.0.11:
    resolution: {integrity: sha512-Jn2yl+Dn0kvwKvSavvR1/BFVYa2wIkaJKWeTH48kno89gqHAJxMh1hrtBN6SJ7F8VhodNZTiNOlQVqCSfLheNQ==}
    engines: {node: '>=14.0.0'}
    dependencies:
      '@smithy/types': 2.3.5
      '@smithy/util-utf8': 2.0.0
      tslib: 2.6.2
    dev: false

  /@smithy/invalid-dependency@2.0.11:
    resolution: {integrity: sha512-zazq99ujxYv/NOf9zh7xXbNgzoVLsqE0wle8P/1zU/XdhPi/0zohTPKWUzIxjGdqb5hkkwfBkNkl5H+LE0mvgw==}
    dependencies:
      '@smithy/types': 2.3.5
      tslib: 2.6.2
    dev: false

  /@smithy/is-array-buffer@2.0.0:
    resolution: {integrity: sha512-z3PjFjMyZNI98JFRJi/U0nGoLWMSJlDjAW4QUX2WNZLas5C0CmVV6LJ01JI0k90l7FvpmixjWxPFmENSClQ7ug==}
    engines: {node: '>=14.0.0'}
    dependencies:
      tslib: 2.6.2
    dev: false

  /@smithy/md5-js@2.0.11:
    resolution: {integrity: sha512-YBIv+e95qeGvQA05ucwstmTeQ/bUzWgU+nO2Ffmif5awu6IzSR0Jfk3XLYh4mdy7f8DCgsn8qA63u7N9Lu0+5A==}
    dependencies:
      '@smithy/types': 2.3.5
      '@smithy/util-utf8': 2.0.0
      tslib: 2.6.2
    dev: false

  /@smithy/middleware-content-length@2.0.13:
    resolution: {integrity: sha512-Md2kxWpaec3bXp1oERFPQPBhOXCkGSAF7uc1E+4rkwjgw3/tqAXRtbjbggu67HJdwaif76As8AV6XxbD1HzqTQ==}
    engines: {node: '>=14.0.0'}
    dependencies:
      '@smithy/protocol-http': 3.0.7
      '@smithy/types': 2.3.5
      tslib: 2.6.2
    dev: false

  /@smithy/middleware-endpoint@2.0.11:
    resolution: {integrity: sha512-mCugsvB15up6fqpzUEpMT4CuJmFkEI+KcozA7QMzYguXCaIilyMKsyxgamwmr+o7lo3QdjN0//XLQ9bWFL129g==}
    engines: {node: '>=14.0.0'}
    dependencies:
      '@smithy/middleware-serde': 2.0.11
      '@smithy/types': 2.3.5
      '@smithy/url-parser': 2.0.11
      '@smithy/util-middleware': 2.0.4
      tslib: 2.6.2
    dev: false

  /@smithy/middleware-retry@2.0.16:
    resolution: {integrity: sha512-Br5+0yoiMS0ugiOAfJxregzMMGIRCbX4PYo1kDHtLgvkA/d++aHbnHB819m5zOIAMPvPE7AThZgcsoK+WOsUTA==}
    engines: {node: '>=14.0.0'}
    dependencies:
      '@smithy/node-config-provider': 2.1.1
      '@smithy/protocol-http': 3.0.7
      '@smithy/service-error-classification': 2.0.4
      '@smithy/types': 2.3.5
      '@smithy/util-middleware': 2.0.4
      '@smithy/util-retry': 2.0.4
      tslib: 2.6.2
      uuid: 8.3.2
    dev: false

  /@smithy/middleware-serde@2.0.11:
    resolution: {integrity: sha512-NuxnjMyf4zQqhwwdh0OTj5RqpnuT6HcH5Xg5GrPijPcKzc2REXVEVK4Yyk8ckj8ez1XSj/bCmJ+oNjmqB02GWA==}
    engines: {node: '>=14.0.0'}
    dependencies:
      '@smithy/types': 2.3.5
      tslib: 2.6.2
    dev: false

  /@smithy/middleware-stack@2.0.5:
    resolution: {integrity: sha512-bVQU/rZzBY7CbSxIrDTGZYnBWKtIw+PL/cRc9B7etZk1IKSOe0NvKMJyWllfhfhrTeMF6eleCzOihIQympAvPw==}
    engines: {node: '>=14.0.0'}
    dependencies:
      '@smithy/types': 2.3.5
      tslib: 2.6.2
    dev: false

  /@smithy/node-config-provider@2.1.1:
    resolution: {integrity: sha512-1lF6s1YWBi1LBu2O30tD3jyTgMtuvk/Z1twzXM4GPYe4dmZix4nNREPJIPOcfFikNU2o0eTYP80+izx5F2jIJA==}
    engines: {node: '>=14.0.0'}
    dependencies:
      '@smithy/property-provider': 2.0.12
      '@smithy/shared-ini-file-loader': 2.2.0
      '@smithy/types': 2.3.5
      tslib: 2.6.2
    dev: false

  /@smithy/node-http-handler@2.1.7:
    resolution: {integrity: sha512-PQIKZXlp3awCDn/xNlCSTFE7aYG/5Tx33M05NfQmWYeB5yV1GZZOSz4dXpwiNJYTXb9jPqjl+ueXXkwtEluFFA==}
    engines: {node: '>=14.0.0'}
    dependencies:
      '@smithy/abort-controller': 2.0.11
      '@smithy/protocol-http': 3.0.7
      '@smithy/querystring-builder': 2.0.11
      '@smithy/types': 2.3.5
      tslib: 2.6.2
    dev: false

  /@smithy/property-provider@2.0.10:
    resolution: {integrity: sha512-YMBVfh0ZMmJtbsUn+WfSwR32iRljZPdRN0Tn2GAcdJ+ejX8WrBXD7Z0jIkQDrQZr8fEuuv5x8WxMIj+qVbsPQw==}
    engines: {node: '>=14.0.0'}
    dependencies:
      '@smithy/types': 2.3.5
      tslib: 2.6.2
    dev: false

  /@smithy/property-provider@2.0.12:
    resolution: {integrity: sha512-Un/OvvuQ1Kg8WYtoMCicfsFFuHb/TKL3pCA6ZIo/WvNTJTR94RtoRnL7mY4XkkUAoFMyf6KjcQJ76y1FX7S5rw==}
    engines: {node: '>=14.0.0'}
    dependencies:
      '@smithy/types': 2.3.5
      tslib: 2.6.2
    dev: false

  /@smithy/protocol-http@3.0.7:
    resolution: {integrity: sha512-HnZW8y+r66ntYueCDbLqKwWcMNWW8o3eVpSrHNluwtBJ/EUWfQHRKSiu6vZZtc6PGfPQWgVfucoCE/C3QufMAA==}
    engines: {node: '>=14.0.0'}
    dependencies:
      '@smithy/types': 2.3.5
      tslib: 2.6.2
    dev: false

  /@smithy/querystring-builder@2.0.11:
    resolution: {integrity: sha512-b4kEbVMxpmfv2VWUITn2otckTi7GlMteZQxi+jlwedoATOGEyrCJPfRcYQJjbCi3fZ2QTfh3PcORvB27+j38Yg==}
    engines: {node: '>=14.0.0'}
    dependencies:
      '@smithy/types': 2.3.5
      '@smithy/util-uri-escape': 2.0.0
      tslib: 2.6.2
    dev: false

  /@smithy/querystring-parser@2.0.11:
    resolution: {integrity: sha512-YXe7jhi7s3dQ0Fu9dLoY/gLu6NCyy8tBWJL/v2c9i7/RLpHgKT+uT96/OqZkHizCJ4kr0ZD46tzMjql/o60KLg==}
    engines: {node: '>=14.0.0'}
    dependencies:
      '@smithy/types': 2.3.5
      tslib: 2.6.2
    dev: false

  /@smithy/service-error-classification@2.0.4:
    resolution: {integrity: sha512-77506l12I5gxTZqBkx3Wb0RqMG81bMYLaVQ+EqIWFwQDJRs5UFeXogKxSKojCmz1wLUziHZQXm03MBzPQiumQw==}
    engines: {node: '>=14.0.0'}
    dependencies:
      '@smithy/types': 2.3.5
    dev: false

  /@smithy/shared-ini-file-loader@2.0.11:
    resolution: {integrity: sha512-Sf0u5C5px6eykXi6jImDTp+edvG3REtPjXnFWU/J+b7S2wkXwUqFXqBL5DdM4zC1F+M8u57ZT7NRqDwMOw7/Tw==}
    engines: {node: '>=14.0.0'}
    dependencies:
      '@smithy/types': 2.3.5
      tslib: 2.6.2
    dev: false

  /@smithy/shared-ini-file-loader@2.2.0:
    resolution: {integrity: sha512-xFXqs4vAb5BdkzHSRrTapFoaqS4/3m/CGZzdw46fBjYZ0paYuLAoMY60ICCn1FfGirG+PiJ3eWcqJNe4/SkfyA==}
    engines: {node: '>=14.0.0'}
    dependencies:
      '@smithy/types': 2.3.5
      tslib: 2.6.2
    dev: false

  /@smithy/signature-v4@2.0.5:
    resolution: {integrity: sha512-ABIzXmUDXK4n2c9cXjQLELgH2RdtABpYKT+U131e2I6RbCypFZmxIHmIBufJzU2kdMCQ3+thBGDWorAITFW04A==}
    engines: {node: '>=14.0.0'}
    dependencies:
      '@smithy/eventstream-codec': 2.0.9
      '@smithy/is-array-buffer': 2.0.0
      '@smithy/types': 2.3.5
      '@smithy/util-hex-encoding': 2.0.0
      '@smithy/util-middleware': 2.0.4
      '@smithy/util-uri-escape': 2.0.0
      '@smithy/util-utf8': 2.0.0
      tslib: 2.6.2
    dev: false

  /@smithy/smithy-client@2.1.10:
    resolution: {integrity: sha512-2OEmZDiW1Z196QHuQZ5M6cBE8FCSG0H2HADP1G+DY8P3agsvb0YJyfhyKuJbxIQy15tr3eDAK6FOrlbxgKOOew==}
    engines: {node: '>=14.0.0'}
    dependencies:
      '@smithy/middleware-stack': 2.0.5
      '@smithy/types': 2.3.5
      '@smithy/util-stream': 2.0.15
      tslib: 2.6.2
    dev: false

  /@smithy/types@2.3.5:
    resolution: {integrity: sha512-ehyDt8M9hehyxrLQGoA1BGPou8Js1Ocoh5M0ngDhJMqbFmNK5N6Xhr9/ZExWkyIW8XcGkiMPq3ZUEE0ScrhbuQ==}
    engines: {node: '>=14.0.0'}
    dependencies:
      tslib: 2.6.2
    dev: false

  /@smithy/url-parser@2.0.11:
    resolution: {integrity: sha512-h89yXMCCF+S5k9XIoKltMIWTYj+FcEkU/IIFZ6RtE222fskOTL4Iak6ZRG+ehSvZDt8yKEcxqheTDq7JvvtK3g==}
    dependencies:
      '@smithy/querystring-parser': 2.0.11
      '@smithy/types': 2.3.5
      tslib: 2.6.2
    dev: false

  /@smithy/util-base64@2.0.0:
    resolution: {integrity: sha512-Zb1E4xx+m5Lud8bbeYi5FkcMJMnn+1WUnJF3qD7rAdXpaL7UjkFQLdmW5fHadoKbdHpwH9vSR8EyTJFHJs++tA==}
    engines: {node: '>=14.0.0'}
    dependencies:
      '@smithy/util-buffer-from': 2.0.0
      tslib: 2.6.2
    dev: false

  /@smithy/util-body-length-browser@2.0.0:
    resolution: {integrity: sha512-JdDuS4ircJt+FDnaQj88TzZY3+njZ6O+D3uakS32f2VNnDo3vyEuNdBOh/oFd8Df1zSZOuH1HEChk2AOYDezZg==}
    dependencies:
      tslib: 2.6.2
    dev: false

  /@smithy/util-body-length-node@2.1.0:
    resolution: {integrity: sha512-/li0/kj/y3fQ3vyzn36NTLGmUwAICb7Jbe/CsWCktW363gh1MOcpEcSO3mJ344Gv2dqz8YJCLQpb6hju/0qOWw==}
    engines: {node: '>=14.0.0'}
    dependencies:
      tslib: 2.6.2
    dev: false

  /@smithy/util-buffer-from@2.0.0:
    resolution: {integrity: sha512-/YNnLoHsR+4W4Vf2wL5lGv0ksg8Bmk3GEGxn2vEQt52AQaPSCuaO5PM5VM7lP1K9qHRKHwrPGktqVoAHKWHxzw==}
    engines: {node: '>=14.0.0'}
    dependencies:
      '@smithy/is-array-buffer': 2.0.0
      tslib: 2.6.2
    dev: false

  /@smithy/util-config-provider@2.0.0:
    resolution: {integrity: sha512-xCQ6UapcIWKxXHEU4Mcs2s7LcFQRiU3XEluM2WcCjjBtQkUN71Tb+ydGmJFPxMUrW/GWMgQEEGipLym4XG0jZg==}
    engines: {node: '>=14.0.0'}
    dependencies:
      tslib: 2.6.2
    dev: false

  /@smithy/util-defaults-mode-browser@2.0.14:
    resolution: {integrity: sha512-NupG7SWUucm3vJrvlpt9jG1XeoPJphjcivgcUUXhDJbUPy4F04LhlTiAhWSzwlCNcF8OJsMvZ/DWbpYD3pselw==}
    engines: {node: '>= 10.0.0'}
    dependencies:
      '@smithy/property-provider': 2.0.12
      '@smithy/smithy-client': 2.1.10
      '@smithy/types': 2.3.5
      bowser: 2.11.0
      tslib: 2.6.2
    dev: false

  /@smithy/util-defaults-mode-node@2.0.18:
    resolution: {integrity: sha512-+3jMom/b/Cdp21tDnY4vKu249Al+G/P0HbRbct7/aSZDlROzv1tksaYukon6UUv7uoHn+/McqnsvqZHLlqvQ0g==}
    engines: {node: '>= 10.0.0'}
    dependencies:
      '@smithy/config-resolver': 2.0.14
      '@smithy/credential-provider-imds': 2.0.16
      '@smithy/node-config-provider': 2.1.1
      '@smithy/property-provider': 2.0.12
      '@smithy/smithy-client': 2.1.10
      '@smithy/types': 2.3.5
      tslib: 2.6.2
    dev: false

  /@smithy/util-hex-encoding@2.0.0:
    resolution: {integrity: sha512-c5xY+NUnFqG6d7HFh1IFfrm3mGl29lC+vF+geHv4ToiuJCBmIfzx6IeHLg+OgRdPFKDXIw6pvi+p3CsscaMcMA==}
    engines: {node: '>=14.0.0'}
    dependencies:
      tslib: 2.6.2
    dev: false

  /@smithy/util-middleware@2.0.4:
    resolution: {integrity: sha512-Pbu6P4MBwRcjrLgdTR1O4Y3c0sTZn2JdOiJNcgL7EcIStcQodj+6ZTXtbyU/WTEU3MV2NMA10LxFc3AWHZ3+4A==}
    engines: {node: '>=14.0.0'}
    dependencies:
      '@smithy/types': 2.3.5
      tslib: 2.6.2
    dev: false

  /@smithy/util-retry@2.0.4:
    resolution: {integrity: sha512-b+n1jBBKc77C1E/zfBe1Zo7S9OXGBiGn55N0apfhZHxPUP/fMH5AhFUUcWaJh7NAnah284M5lGkBKuhnr3yK5w==}
    engines: {node: '>= 14.0.0'}
    dependencies:
      '@smithy/service-error-classification': 2.0.4
      '@smithy/types': 2.3.5
      tslib: 2.6.2
    dev: false

  /@smithy/util-stream@2.0.15:
    resolution: {integrity: sha512-A/hkYJPH2N5MCWYvky4tTpQihpYAEzqnUfxDyG3L/yMndy/2sLvxnyQal9Opuj1e9FiKSTeMyjnU9xxZGs0mRw==}
    engines: {node: '>=14.0.0'}
    dependencies:
      '@smithy/fetch-http-handler': 2.2.2
      '@smithy/node-http-handler': 2.1.7
      '@smithy/types': 2.3.5
      '@smithy/util-base64': 2.0.0
      '@smithy/util-buffer-from': 2.0.0
      '@smithy/util-hex-encoding': 2.0.0
      '@smithy/util-utf8': 2.0.0
      tslib: 2.6.2
    dev: false

  /@smithy/util-uri-escape@2.0.0:
    resolution: {integrity: sha512-ebkxsqinSdEooQduuk9CbKcI+wheijxEb3utGXkCoYQkJnwTnLbH1JXGimJtUkQwNQbsbuYwG2+aFVyZf5TLaw==}
    engines: {node: '>=14.0.0'}
    dependencies:
      tslib: 2.6.2
    dev: false

  /@smithy/util-utf8@2.0.0:
    resolution: {integrity: sha512-rctU1VkziY84n5OXe3bPNpKR001ZCME2JCaBBFgtiM2hfKbHFudc/BkMuPab8hRbLd0j3vbnBTTZ1igBf0wgiQ==}
    engines: {node: '>=14.0.0'}
    dependencies:
      '@smithy/util-buffer-from': 2.0.0
      tslib: 2.6.2
    dev: false

  /@smithy/util-waiter@2.0.11:
    resolution: {integrity: sha512-8SJWUl9O1YhjC77EccgltI3q4XZQp3vp9DGEW6o0OdkUcwqm/H4qOLnMkA2n+NDojuM5Iia2jWoCdbluIiG7TA==}
    engines: {node: '>=14.0.0'}
    dependencies:
      '@smithy/abort-controller': 2.0.11
      '@smithy/types': 2.3.5
      tslib: 2.6.2
    dev: false

  /@types/node@20.8.6:
    resolution: {integrity: sha512-eWO4K2Ji70QzKUqRy6oyJWUeB7+g2cRagT3T/nxYibYcT4y2BDL8lqolRXjTHmkZCdJfIPaY73KbJAZmcryxTQ==}
    dependencies:
      undici-types: 5.25.3
    dev: true

  /asynckit@0.4.0:
    resolution: {integrity: sha512-Oei9OH4tRh0YqU3GxhX79dM/mwVgvbZJaSNaRk+bshkj0S5cfHcgYakreBjrHwatXKbz+IoIdYLxrKim2MjW0Q==}
    dev: false

  /axios@1.5.1:
    resolution: {integrity: sha512-Q28iYCWzNHjAm+yEAot5QaAMxhMghWLFVf7rRdwhUI+c2jix2DUXjAHXVi+s1ibs3mjPO/cCgbA++3BjD0vP/A==}
    dependencies:
      follow-redirects: 1.15.2
      form-data: 4.0.0
      proxy-from-env: 1.1.0
    transitivePeerDependencies:
      - debug
    dev: false

  /bowser@2.11.0:
    resolution: {integrity: sha512-AlcaJBi/pqqJBIQ8U9Mcpc9i8Aqxn88Skv5d+xBX006BY5u8N3mGLHa5Lgppa7L/HfwgwLgZ6NYs+Ag6uUmJRA==}
    dev: false

  /combined-stream@1.0.8:
    resolution: {integrity: sha512-FQN4MRfuJeHf7cBbBMJFXhKSDq+2kAArBlmRBvcvFE5BB1HZKXtSFASDhdlz9zOYwxh8lDdnvmMOe/+5cdoEdg==}
    engines: {node: '>= 0.8'}
    dependencies:
      delayed-stream: 1.0.0
    dev: false

  /delayed-stream@1.0.0:
    resolution: {integrity: sha512-ZySD7Nf91aLB0RxL4KGrKHBXl7Eds1DAmEdcoVawXnLD7SDhpNgtuII2aAkg7a7QS41jxPSZ17p4VdGnMHk3MQ==}
    engines: {node: '>=0.4.0'}
    dev: false

  /dotenv@16.3.1:
    resolution: {integrity: sha512-IPzF4w4/Rd94bA9imS68tZBaYyBWSCE47V1RGuMrB94iyTOIEwRmVL2x/4An+6mETpLrKJ5hQkB8W4kFAadeIQ==}
    engines: {node: '>=12'}
    dev: true

  /entities@2.2.0:
    resolution: {integrity: sha512-p92if5Nz619I0w+akJrLZH0MX0Pb5DX39XOwQTtXSdQQOaYH03S1uIQp4mhOZtAXrxq4ViO67YTiLBo2638o9A==}
    dev: false

  /fast-xml-parser@4.2.5:
    resolution: {integrity: sha512-B9/wizE4WngqQftFPmdaMYlXoJlJOYxGQOanC77fq9k8+Z0v5dDSVh+3glErdIROP//s/jgb7ZuxKfB8nVyo0g==}
    hasBin: true
    dependencies:
      strnum: 1.0.5
    dev: false

  /follow-redirects@1.15.2:
    resolution: {integrity: sha512-VQLG33o04KaQ8uYi2tVNbdrWp1QWxNNea+nmIB4EVM28v0hmP17z7aG1+wAkNzVq4KeXTq3221ye5qTJP91JwA==}
    engines: {node: '>=4.0'}
    peerDependencies:
      debug: '*'
    peerDependenciesMeta:
      debug:
        optional: true
    dev: false

  /form-data@4.0.0:
    resolution: {integrity: sha512-ETEklSGi5t0QMZuiXoA/Q6vcnxcLQP5vdugSpuAyi6SVGi2clPPp+xgEhuMaHC+zGgn31Kd235W35f7Hykkaww==}
    engines: {node: '>= 6'}
    dependencies:
      asynckit: 0.4.0
      combined-stream: 1.0.8
      mime-types: 2.1.35
    dev: false

  /mime-db@1.52.0:
    resolution: {integrity: sha512-sPU4uV7dYlvtWJxwwxHD0PuihVNiE7TyAbQ5SWxDCB9mUYvOgroQOwYQQOKPJ8CIbE+1ETVlOoK1UC2nU3gYvg==}
    engines: {node: '>= 0.6'}
    dev: false

  /mime-types@2.1.35:
    resolution: {integrity: sha512-ZDY+bPm5zTTF+YpCrAU9nK0UgICYPT0QtT1NZWFv4s++TNkcgVaT0g6+4R2uI4MjQjzysHB1zxuWL50hzaeXiw==}
    engines: {node: '>= 0.6'}
    dependencies:
      mime-db: 1.52.0
    dev: false

  /proxy-from-env@1.1.0:
    resolution: {integrity: sha512-D+zkORCbA9f1tdWRK0RaCR3GPv50cMxcrz4X8k5LTSUD1Dkw47mKJEZQNunItRTkWwgtaUSo1RVFRIG9ZXiFYg==}
    dev: false

  /rss-parser@3.13.0:
    resolution: {integrity: sha512-7jWUBV5yGN3rqMMj7CZufl/291QAhvrrGpDNE4k/02ZchL0npisiYYqULF71jCEKoIiHvK/Q2e6IkDwPziT7+w==}
    dependencies:
      entities: 2.2.0
      xml2js: 0.5.0
    dev: false

  /sax@1.2.4:
    resolution: {integrity: sha512-NqVDv9TpANUjFm0N8uM5GxL36UgKi9/atZw+x7YFnQ8ckwFGKrl4xX4yWtrey3UJm5nP1kUbnYgLopqWNSRhWw==}
    dev: false

  /strnum@1.0.5:
    resolution: {integrity: sha512-J8bbNyKKXl5qYcR36TIO8W3mVGVHrmmxsd5PAItGkmyzwJvybiw2IVq5nqd0i4LSNSkB/sx9VHllbfFdr9k1JA==}
    dev: false

  /tslib@1.14.1:
    resolution: {integrity: sha512-Xni35NKzjgMrwevysHTCArtLDpPvye8zV/0E4EyYn43P7/7qvQwPh9BGkHewbMulVntbigmcT7rdX3BNo9wRJg==}
    dev: false

  /tslib@2.6.2:
    resolution: {integrity: sha512-AEYxH93jGFPn/a2iVAwW87VuUIkR1FVUKB77NwMF7nBTDkDrrT/Hpt/IrCJ0QXhW27jTBDcf5ZY7w6RiqTMw2Q==}
    dev: false

  /typescript@5.2.2:
    resolution: {integrity: sha512-mI4WrpHsbCIcwT9cF4FZvr80QUeKvsUsUvKDoR+X/7XHQH98xYD8YHZg7ANtz2GtZt/CBq2QJ0thkGJMHfqc1w==}
    engines: {node: '>=14.17'}
    hasBin: true
    dev: true

  /undici-types@5.25.3:
    resolution: {integrity: sha512-Ga1jfYwRn7+cP9v8auvEXN1rX3sWqlayd4HP7OKk4mZWylEmu3KzXDUGrQUN6Ol7qo1gPvB2e5gX6udnyEPgdA==}
    dev: true

  /uuid@8.3.2:
    resolution: {integrity: sha512-+NYs2QeMWy+GWFOEm9xnn6HCDp0l7QBD7ml8zLUmJ+93Q5NF0NocErnwkTkXVFNiX3/fpC6afS8Dhb/gz7R7eg==}
    hasBin: true
    dev: false

  /xml2js@0.5.0:
    resolution: {integrity: sha512-drPFnkQJik/O+uPKpqSgr22mpuFHqKdbS835iAQrUC73L2F5WkboIRd63ai/2Yg6I1jzifPFKH2NTK+cfglkIA==}
    engines: {node: '>=4.0.0'}
    dependencies:
      sax: 1.2.4
      xmlbuilder: 11.0.1
    dev: false

  /xmlbuilder@11.0.1:
    resolution: {integrity: sha512-fDlsI/kFEx7gLvbecc0/ohLG50fugQp8ryHzMTuW9vSa1GJ0XYWKnhsUx7oie3G98+r56aTQIUB4kht42R3JvA==}
    engines: {node: '>=4.0'}
    dev: false
