lockfileVersion: '6.0'

settings:
  autoInstallPeers: true
  excludeLinksFromLockfile: false

dependencies:
  '@aws-sdk/client-s3':
    specifier: ^3.405.0
    version: 3.405.0
  axios:
    specifier: ^1.5.0
    version: 1.5.0
  rss-parser:
    specifier: ^3.13.0
    version: 3.13.0

devDependencies:
  '@types/node':
    specifier: ^20.5.9
    version: 20.5.9
  dotenv:
    specifier: ^16.3.1
    version: 16.3.1
  typescript:
    specifier: ^5.2.2
    version: 5.2.2

packages:

  /@aws-crypto/crc32@3.0.0:
    resolution: {integrity: sha512-IzSgsrxUcsrejQbPVilIKy16kAT52EwB6zSaI+M3xxIhKh5+aldEyvI+z6erM7TCLB2BJsFrtHjp6/4/sr+3dA==}
    dependencies:
      '@aws-crypto/util': 3.0.0
      '@aws-sdk/types': 3.398.0
      tslib: 1.14.1
    dev: false

  /@aws-crypto/crc32c@3.0.0:
    resolution: {integrity: sha512-ENNPPManmnVJ4BTXlOjAgD7URidbAznURqD0KvfREyc4o20DPYdEldU1f5cQ7Jbj0CJJSPaMIk/9ZshdB3210w==}
    dependencies:
      '@aws-crypto/util': 3.0.0
      '@aws-sdk/types': 3.398.0
      tslib: 1.14.1
    dev: false

  /@aws-crypto/ie11-detection@3.0.0:
    resolution: {integrity: sha512-341lBBkiY1DfDNKai/wXM3aujNBkXR7tq1URPQDL9wi3AUbI80NR74uF1TXHMm7po1AcnFk8iu2S2IeU/+/A+Q==}
    dependencies:
      tslib: 1.14.1
    dev: false

  /@aws-crypto/sha1-browser@3.0.0:
    resolution: {integrity: sha512-NJth5c997GLHs6nOYTzFKTbYdMNA6/1XlKVgnZoaZcQ7z7UJlOgj2JdbHE8tiYLS3fzXNCguct77SPGat2raSw==}
    dependencies:
      '@aws-crypto/ie11-detection': 3.0.0
      '@aws-crypto/supports-web-crypto': 3.0.0
      '@aws-crypto/util': 3.0.0
      '@aws-sdk/types': 3.398.0
      '@aws-sdk/util-locate-window': 3.310.0
      '@aws-sdk/util-utf8-browser': 3.259.0
      tslib: 1.14.1
    dev: false

  /@aws-crypto/sha256-browser@3.0.0:
    resolution: {integrity: sha512-8VLmW2B+gjFbU5uMeqtQM6Nj0/F1bro80xQXCW6CQBWgosFWXTx77aeOF5CAIAmbOK64SdMBJdNr6J41yP5mvQ==}
    dependencies:
      '@aws-crypto/ie11-detection': 3.0.0
      '@aws-crypto/sha256-js': 3.0.0
      '@aws-crypto/supports-web-crypto': 3.0.0
      '@aws-crypto/util': 3.0.0
      '@aws-sdk/types': 3.398.0
      '@aws-sdk/util-locate-window': 3.310.0
      '@aws-sdk/util-utf8-browser': 3.259.0
      tslib: 1.14.1
    dev: false

  /@aws-crypto/sha256-js@3.0.0:
    resolution: {integrity: sha512-PnNN7os0+yd1XvXAy23CFOmTbMaDxgxXtTKHybrJ39Y8kGzBATgBFibWJKH6BhytLI/Zyszs87xCOBNyBig6vQ==}
    dependencies:
      '@aws-crypto/util': 3.0.0
      '@aws-sdk/types': 3.398.0
      tslib: 1.14.1
    dev: false

  /@aws-crypto/supports-web-crypto@3.0.0:
    resolution: {integrity: sha512-06hBdMwUAb2WFTuGG73LSC0wfPu93xWwo5vL2et9eymgmu3Id5vFAHBbajVWiGhPO37qcsdCap/FqXvJGJWPIg==}
    dependencies:
      tslib: 1.14.1
    dev: false

  /@aws-crypto/util@3.0.0:
    resolution: {integrity: sha512-2OJlpeJpCR48CC8r+uKVChzs9Iungj9wkZrl8Z041DWEWvyIHILYKCPNzJghKsivj+S3mLo6BVc7mBNzdxA46w==}
    dependencies:
      '@aws-sdk/types': 3.398.0
      '@aws-sdk/util-utf8-browser': 3.259.0
      tslib: 1.14.1
    dev: false

  /@aws-sdk/client-s3@3.405.0:
    resolution: {integrity: sha512-+LK6OCbKplR51zBZAtK/+RxaPsXcEklsA1+mmUA3M1h4KHl6GMiK5r/D9dlKht5DRntmmjCn3SI99QbfckqKXg==}
    engines: {node: '>=14.0.0'}
    dependencies:
      '@aws-crypto/sha1-browser': 3.0.0
      '@aws-crypto/sha256-browser': 3.0.0
      '@aws-crypto/sha256-js': 3.0.0
      '@aws-sdk/client-sts': 3.405.0
      '@aws-sdk/credential-provider-node': 3.405.0
      '@aws-sdk/middleware-bucket-endpoint': 3.405.0
      '@aws-sdk/middleware-expect-continue': 3.398.0
      '@aws-sdk/middleware-flexible-checksums': 3.400.0
      '@aws-sdk/middleware-host-header': 3.398.0
      '@aws-sdk/middleware-location-constraint': 3.398.0
      '@aws-sdk/middleware-logger': 3.398.0
      '@aws-sdk/middleware-recursion-detection': 3.398.0
      '@aws-sdk/middleware-sdk-s3': 3.398.0
      '@aws-sdk/middleware-signing': 3.398.0
      '@aws-sdk/middleware-ssec': 3.398.0
      '@aws-sdk/middleware-user-agent': 3.398.0
      '@aws-sdk/signature-v4-multi-region': 3.398.0
      '@aws-sdk/types': 3.398.0
      '@aws-sdk/util-endpoints': 3.398.0
      '@aws-sdk/util-user-agent-browser': 3.398.0
      '@aws-sdk/util-user-agent-node': 3.405.0
      '@aws-sdk/xml-builder': 3.310.0
      '@smithy/config-resolver': 2.0.5
      '@smithy/eventstream-serde-browser': 2.0.5
      '@smithy/eventstream-serde-config-resolver': 2.0.5
      '@smithy/eventstream-serde-node': 2.0.5
      '@smithy/fetch-http-handler': 2.0.5
      '@smithy/hash-blob-browser': 2.0.5
      '@smithy/hash-node': 2.0.5
      '@smithy/hash-stream-node': 2.0.5
      '@smithy/invalid-dependency': 2.0.5
      '@smithy/md5-js': 2.0.5
      '@smithy/middleware-content-length': 2.0.5
      '@smithy/middleware-endpoint': 2.0.5
      '@smithy/middleware-retry': 2.0.5
      '@smithy/middleware-serde': 2.0.5
      '@smithy/middleware-stack': 2.0.0
      '@smithy/node-config-provider': 2.0.7
      '@smithy/node-http-handler': 2.0.5
      '@smithy/protocol-http': 2.0.5
      '@smithy/smithy-client': 2.0.5
      '@smithy/types': 2.2.2
      '@smithy/url-parser': 2.0.5
      '@smithy/util-base64': 2.0.0
      '@smithy/util-body-length-browser': 2.0.0
      '@smithy/util-body-length-node': 2.1.0
      '@smithy/util-defaults-mode-browser': 2.0.6
      '@smithy/util-defaults-mode-node': 2.0.7
      '@smithy/util-retry': 2.0.0
      '@smithy/util-stream': 2.0.5
      '@smithy/util-utf8': 2.0.0
      '@smithy/util-waiter': 2.0.5
      fast-xml-parser: 4.2.5
      tslib: 2.6.2
    transitivePeerDependencies:
      - '@aws-sdk/signature-v4-crt'
      - aws-crt
    dev: false

  /@aws-sdk/client-sso@3.405.0:
    resolution: {integrity: sha512-z1ssydU07bDhe0tNXQwVO+rWh/iSfK48JI8s8vgpBNwH+NejMzIJ9r3AkjCiJ+LSAwlBZItUsNWwR0veIfgBiw==}
    engines: {node: '>=14.0.0'}
    dependencies:
      '@aws-crypto/sha256-browser': 3.0.0
      '@aws-crypto/sha256-js': 3.0.0
      '@aws-sdk/middleware-host-header': 3.398.0
      '@aws-sdk/middleware-logger': 3.398.0
      '@aws-sdk/middleware-recursion-detection': 3.398.0
      '@aws-sdk/middleware-user-agent': 3.398.0
      '@aws-sdk/types': 3.398.0
      '@aws-sdk/util-endpoints': 3.398.0
      '@aws-sdk/util-user-agent-browser': 3.398.0
      '@aws-sdk/util-user-agent-node': 3.405.0
      '@smithy/config-resolver': 2.0.5
      '@smithy/fetch-http-handler': 2.0.5
      '@smithy/hash-node': 2.0.5
      '@smithy/invalid-dependency': 2.0.5
      '@smithy/middleware-content-length': 2.0.5
      '@smithy/middleware-endpoint': 2.0.5
      '@smithy/middleware-retry': 2.0.5
      '@smithy/middleware-serde': 2.0.5
      '@smithy/middleware-stack': 2.0.0
      '@smithy/node-config-provider': 2.0.7
      '@smithy/node-http-handler': 2.0.5
      '@smithy/protocol-http': 2.0.5
      '@smithy/smithy-client': 2.0.5
      '@smithy/types': 2.2.2
      '@smithy/url-parser': 2.0.5
      '@smithy/util-base64': 2.0.0
      '@smithy/util-body-length-browser': 2.0.0
      '@smithy/util-body-length-node': 2.1.0
      '@smithy/util-defaults-mode-browser': 2.0.6
      '@smithy/util-defaults-mode-node': 2.0.7
      '@smithy/util-retry': 2.0.0
      '@smithy/util-utf8': 2.0.0
      tslib: 2.6.2
    transitivePeerDependencies:
      - aws-crt
    dev: false

  /@aws-sdk/client-sts@3.405.0:
    resolution: {integrity: sha512-asVEpda3zu5QUO5ZNNjbLBS0718IhxxyUDVrNmVTKZoOhK1pMNouGZf+l49v0Lb5cOPbUds8cxsNaInj2MvIKw==}
    engines: {node: '>=14.0.0'}
    dependencies:
      '@aws-crypto/sha256-browser': 3.0.0
      '@aws-crypto/sha256-js': 3.0.0
      '@aws-sdk/credential-provider-node': 3.405.0
      '@aws-sdk/middleware-host-header': 3.398.0
      '@aws-sdk/middleware-logger': 3.398.0
      '@aws-sdk/middleware-recursion-detection': 3.398.0
      '@aws-sdk/middleware-sdk-sts': 3.398.0
      '@aws-sdk/middleware-signing': 3.398.0
      '@aws-sdk/middleware-user-agent': 3.398.0
      '@aws-sdk/types': 3.398.0
      '@aws-sdk/util-endpoints': 3.398.0
      '@aws-sdk/util-user-agent-browser': 3.398.0
      '@aws-sdk/util-user-agent-node': 3.405.0
      '@smithy/config-resolver': 2.0.5
      '@smithy/fetch-http-handler': 2.0.5
      '@smithy/hash-node': 2.0.5
      '@smithy/invalid-dependency': 2.0.5
      '@smithy/middleware-content-length': 2.0.5
      '@smithy/middleware-endpoint': 2.0.5
      '@smithy/middleware-retry': 2.0.5
      '@smithy/middleware-serde': 2.0.5
      '@smithy/middleware-stack': 2.0.0
      '@smithy/node-config-provider': 2.0.7
      '@smithy/node-http-handler': 2.0.5
      '@smithy/protocol-http': 2.0.5
      '@smithy/smithy-client': 2.0.5
      '@smithy/types': 2.2.2
      '@smithy/url-parser': 2.0.5
      '@smithy/util-base64': 2.0.0
      '@smithy/util-body-length-browser': 2.0.0
      '@smithy/util-body-length-node': 2.1.0
      '@smithy/util-defaults-mode-browser': 2.0.6
      '@smithy/util-defaults-mode-node': 2.0.7
      '@smithy/util-retry': 2.0.0
      '@smithy/util-utf8': 2.0.0
      fast-xml-parser: 4.2.5
      tslib: 2.6.2
    transitivePeerDependencies:
      - aws-crt
    dev: false

  /@aws-sdk/credential-provider-env@3.398.0:
    resolution: {integrity: sha512-Z8Yj5z7FroAsR6UVML+XUdlpoqEe9Dnle8c2h8/xWwIC2feTfIBhjLhRVxfbpbM1pLgBSNEcZ7U8fwq5l7ESVQ==}
    engines: {node: '>=14.0.0'}
    dependencies:
      '@aws-sdk/types': 3.398.0
      '@smithy/property-provider': 2.0.6
      '@smithy/types': 2.2.2
      tslib: 2.6.2
    dev: false

  /@aws-sdk/credential-provider-ini@3.405.0:
    resolution: {integrity: sha512-b4TqVsM4WQM96GDVs+TYOhU2/0SnUWzz6NH55qY1y2xyF8/pZEhc0XXdpvZtQQBLGdROhXCbxhBVye8GmTpgcg==}
    engines: {node: '>=14.0.0'}
    dependencies:
      '@aws-sdk/credential-provider-env': 3.398.0
      '@aws-sdk/credential-provider-process': 3.405.0
      '@aws-sdk/credential-provider-sso': 3.405.0
      '@aws-sdk/credential-provider-web-identity': 3.398.0
      '@aws-sdk/types': 3.398.0
      '@smithy/credential-provider-imds': 2.0.7
      '@smithy/property-provider': 2.0.6
      '@smithy/shared-ini-file-loader': 2.0.6
      '@smithy/types': 2.2.2
      tslib: 2.6.2
    transitivePeerDependencies:
      - aws-crt
    dev: false

  /@aws-sdk/credential-provider-node@3.405.0:
    resolution: {integrity: sha512-AMmRP09nwYsft0MXDlHIxMQe7IloWW8As0lbZmPrG7Y7mK5RDmCIwD2yMDz77Zqlv09FsYt+9+cOK2fTNhim+Q==}
    engines: {node: '>=14.0.0'}
    dependencies:
      '@aws-sdk/credential-provider-env': 3.398.0
      '@aws-sdk/credential-provider-ini': 3.405.0
      '@aws-sdk/credential-provider-process': 3.405.0
      '@aws-sdk/credential-provider-sso': 3.405.0
      '@aws-sdk/credential-provider-web-identity': 3.398.0
      '@aws-sdk/types': 3.398.0
      '@smithy/credential-provider-imds': 2.0.7
      '@smithy/property-provider': 2.0.6
      '@smithy/shared-ini-file-loader': 2.0.6
      '@smithy/types': 2.2.2
      tslib: 2.6.2
    transitivePeerDependencies:
      - aws-crt
    dev: false

  /@aws-sdk/credential-provider-process@3.405.0:
    resolution: {integrity: sha512-EqAMcUVeZAICYHHL8x5Fi5CYPgCo9UCE7ScWmU5Sa2wAFY4XLyQ1mMxX3lKGYx9lBxWk3dqnhmvlcqdzN7AjyQ==}
    engines: {node: '>=14.0.0'}
    dependencies:
      '@aws-sdk/types': 3.398.0
      '@smithy/property-provider': 2.0.6
      '@smithy/shared-ini-file-loader': 2.0.6
      '@smithy/types': 2.2.2
      tslib: 2.6.2
    dev: false

  /@aws-sdk/credential-provider-sso@3.405.0:
    resolution: {integrity: sha512-fXqSgQHz7qcmIWMVguwSMSjqFkVfN2+XiNgiskcmeYiCS7mIGAgUnKABZc9Ds2+YW9ATYiY0BOD5aWxc8TX5fA==}
    engines: {node: '>=14.0.0'}
    dependencies:
      '@aws-sdk/client-sso': 3.405.0
      '@aws-sdk/token-providers': 3.405.0
      '@aws-sdk/types': 3.398.0
      '@smithy/property-provider': 2.0.6
      '@smithy/shared-ini-file-loader': 2.0.6
      '@smithy/types': 2.2.2
      tslib: 2.6.2
    transitivePeerDependencies:
      - aws-crt
    dev: false

  /@aws-sdk/credential-provider-web-identity@3.398.0:
    resolution: {integrity: sha512-iG3905Alv9pINbQ8/MIsshgqYMbWx+NDQWpxbIW3W0MkSH3iAqdVpSCteYidYX9G/jv2Um1nW3y360ib20bvNg==}
    engines: {node: '>=14.0.0'}
    dependencies:
      '@aws-sdk/types': 3.398.0
      '@smithy/property-provider': 2.0.6
      '@smithy/types': 2.2.2
      tslib: 2.6.2
    dev: false

  /@aws-sdk/middleware-bucket-endpoint@3.405.0:
    resolution: {integrity: sha512-wKmHZi44NkbaGXXbMwassUm06/wDtSYucPbM4paU2cMbBUOnwFpndHWlrRYCNmj5Ty5A2HjdkGlhgla8nifHzQ==}
    engines: {node: '>=14.0.0'}
    dependencies:
      '@aws-sdk/types': 3.398.0
      '@aws-sdk/util-arn-parser': 3.310.0
      '@smithy/protocol-http': 2.0.5
      '@smithy/types': 2.2.2
      '@smithy/util-config-provider': 2.0.0
      tslib: 2.6.2
    dev: false

  /@aws-sdk/middleware-expect-continue@3.398.0:
    resolution: {integrity: sha512-d6he+Qqwh1yqml9duXSv5iKJ2lS0PVrF2UEsVew2GFxfUif0E/davTZJjvWtnelbuIGcTP+wDKVVjLwBN2sN/g==}
    engines: {node: '>=14.0.0'}
    dependencies:
      '@aws-sdk/types': 3.398.0
      '@smithy/protocol-http': 2.0.5
      '@smithy/types': 2.2.2
      tslib: 2.6.2
    dev: false

  /@aws-sdk/middleware-flexible-checksums@3.400.0:
    resolution: {integrity: sha512-lpsumd5/G+eAMTr61h/cJQZ8+i+xzC6OG3bvUcbRHqcjN49XgeNLcPfYcr6Rzf0QHxmuCN4te/4XGU3Fif2YVA==}
    engines: {node: '>=14.0.0'}
    dependencies:
      '@aws-crypto/crc32': 3.0.0
      '@aws-crypto/crc32c': 3.0.0
      '@aws-sdk/types': 3.398.0
      '@smithy/is-array-buffer': 2.0.0
      '@smithy/protocol-http': 2.0.5
      '@smithy/types': 2.2.2
      '@smithy/util-utf8': 2.0.0
      tslib: 2.6.2
    dev: false

  /@aws-sdk/middleware-host-header@3.398.0:
    resolution: {integrity: sha512-m+5laWdBaxIZK2ko0OwcCHJZJ5V1MgEIt8QVQ3k4/kOkN9ICjevOYmba751pHoTnbOYB7zQd6D2OT3EYEEsUcA==}
    engines: {node: '>=14.0.0'}
    dependencies:
      '@aws-sdk/types': 3.398.0
      '@smithy/protocol-http': 2.0.5
      '@smithy/types': 2.2.2
      tslib: 2.6.2
    dev: false

  /@aws-sdk/middleware-location-constraint@3.398.0:
    resolution: {integrity: sha512-it+olJf1Lf2bmH8OL/N1jMOFB0zEVYs4rIzgFrluTRCuPatRuDi4LsXS8zqYxkBa05JE8JmqwW5gCzAmWyLLqw==}
    engines: {node: '>=14.0.0'}
    dependencies:
      '@aws-sdk/types': 3.398.0
      '@smithy/types': 2.2.2
      tslib: 2.6.2
    dev: false

  /@aws-sdk/middleware-logger@3.398.0:
    resolution: {integrity: sha512-CiJjW+FL12elS6Pn7/UVjVK8HWHhXMfvHZvOwx/Qkpy340sIhkuzOO6fZEruECDTZhl2Wqn81XdJ1ZQ4pRKpCg==}
    engines: {node: '>=14.0.0'}
    dependencies:
      '@aws-sdk/types': 3.398.0
      '@smithy/types': 2.2.2
      tslib: 2.6.2
    dev: false

  /@aws-sdk/middleware-recursion-detection@3.398.0:
    resolution: {integrity: sha512-7QpOqPQAZNXDXv6vsRex4R8dLniL0E/80OPK4PPFsrCh9btEyhN9Begh4i1T+5lL28hmYkztLOkTQ2N5J3hgRQ==}
    engines: {node: '>=14.0.0'}
    dependencies:
      '@aws-sdk/types': 3.398.0
      '@smithy/protocol-http': 2.0.5
      '@smithy/types': 2.2.2
      tslib: 2.6.2
    dev: false

  /@aws-sdk/middleware-sdk-s3@3.398.0:
    resolution: {integrity: sha512-yweSMc/TyiFtqc52hFMKQJvTm3i1KCoW5mB3o/Sla6zsHBh+nS6TTaBmo+2kcDIR7AKODwW+FLCTHWiazb7J3Q==}
    engines: {node: '>=14.0.0'}
    dependencies:
      '@aws-sdk/types': 3.398.0
      '@aws-sdk/util-arn-parser': 3.310.0
      '@smithy/protocol-http': 2.0.5
      '@smithy/types': 2.2.2
      tslib: 2.6.2
    dev: false

  /@aws-sdk/middleware-sdk-sts@3.398.0:
    resolution: {integrity: sha512-+JH76XHEgfVihkY+GurohOQ5Z83zVN1nYcQzwCFnCDTh4dG4KwhnZKG+WPw6XJECocY0R+H0ivofeALHvVWJtQ==}
    engines: {node: '>=14.0.0'}
    dependencies:
      '@aws-sdk/middleware-signing': 3.398.0
      '@aws-sdk/types': 3.398.0
      '@smithy/types': 2.2.2
      tslib: 2.6.2
    dev: false

  /@aws-sdk/middleware-signing@3.398.0:
    resolution: {integrity: sha512-O0KqXAix1TcvZBFt1qoFkHMUNJOSgjJTYS7lFTRKSwgsD27bdW2TM2r9R8DAccWFt5Amjkdt+eOwQMIXPGTm8w==}
    engines: {node: '>=14.0.0'}
    dependencies:
      '@aws-sdk/types': 3.398.0
      '@smithy/property-provider': 2.0.6
      '@smithy/protocol-http': 2.0.5
      '@smithy/signature-v4': 2.0.5
      '@smithy/types': 2.2.2
      '@smithy/util-middleware': 2.0.0
      tslib: 2.6.2
    dev: false

  /@aws-sdk/middleware-ssec@3.398.0:
    resolution: {integrity: sha512-QtKr/hPcRugKSIZAH4+7hbUfdW7Lg+OQvD25nJn7ic1JHRZ+eDctEFxdsmnt68lE6aZxOcHCWHAW6/umcA93Dw==}
    engines: {node: '>=14.0.0'}
    dependencies:
      '@aws-sdk/types': 3.398.0
      '@smithy/types': 2.2.2
      tslib: 2.6.2
    dev: false

  /@aws-sdk/middleware-user-agent@3.398.0:
    resolution: {integrity: sha512-nF1jg0L+18b5HvTcYzwyFgfZQQMELJINFqI0mi4yRKaX7T5a3aGp5RVLGGju/6tAGTuFbfBoEhkhU3kkxexPYQ==}
    engines: {node: '>=14.0.0'}
    dependencies:
      '@aws-sdk/types': 3.398.0
      '@aws-sdk/util-endpoints': 3.398.0
      '@smithy/protocol-http': 2.0.5
      '@smithy/types': 2.2.2
      tslib: 2.6.2
    dev: false

  /@aws-sdk/signature-v4-multi-region@3.398.0:
    resolution: {integrity: sha512-8fTqTxRDWE03T7ClaWlCfbwuSae//01XMNVy2a9g5QgaelQh7ZZyU3ZIJiV8gIj8v6ZM0NGn9Bz1liI/vmNmcw==}
    engines: {node: '>=14.0.0'}
    peerDependencies:
      '@aws-sdk/signature-v4-crt': ^3.118.0
    peerDependenciesMeta:
      '@aws-sdk/signature-v4-crt':
        optional: true
    dependencies:
      '@aws-sdk/types': 3.398.0
      '@smithy/protocol-http': 2.0.5
      '@smithy/signature-v4': 2.0.5
      '@smithy/types': 2.2.2
      tslib: 2.6.2
    dev: false

  /@aws-sdk/token-providers@3.405.0:
    resolution: {integrity: sha512-rVzC7ptf7TlV84M9w+Ds9isio1EY7bs1MRFv/6lmYstsyTri+DaZG10TwXSGfzIMwB0yVh11niCxO9wSjQ36zg==}
    engines: {node: '>=14.0.0'}
    dependencies:
      '@aws-crypto/sha256-browser': 3.0.0
      '@aws-crypto/sha256-js': 3.0.0
      '@aws-sdk/middleware-host-header': 3.398.0
      '@aws-sdk/middleware-logger': 3.398.0
      '@aws-sdk/middleware-recursion-detection': 3.398.0
      '@aws-sdk/middleware-user-agent': 3.398.0
      '@aws-sdk/types': 3.398.0
      '@aws-sdk/util-endpoints': 3.398.0
      '@aws-sdk/util-user-agent-browser': 3.398.0
      '@aws-sdk/util-user-agent-node': 3.405.0
      '@smithy/config-resolver': 2.0.5
      '@smithy/fetch-http-handler': 2.0.5
      '@smithy/hash-node': 2.0.5
      '@smithy/invalid-dependency': 2.0.5
      '@smithy/middleware-content-length': 2.0.5
      '@smithy/middleware-endpoint': 2.0.5
      '@smithy/middleware-retry': 2.0.5
      '@smithy/middleware-serde': 2.0.5
      '@smithy/middleware-stack': 2.0.0
      '@smithy/node-config-provider': 2.0.7
      '@smithy/node-http-handler': 2.0.5
      '@smithy/property-provider': 2.0.6
      '@smithy/protocol-http': 2.0.5
      '@smithy/shared-ini-file-loader': 2.0.6
      '@smithy/smithy-client': 2.0.5
      '@smithy/types': 2.2.2
      '@smithy/url-parser': 2.0.5
      '@smithy/util-base64': 2.0.0
      '@smithy/util-body-length-browser': 2.0.0
      '@smithy/util-body-length-node': 2.1.0
      '@smithy/util-defaults-mode-browser': 2.0.6
      '@smithy/util-defaults-mode-node': 2.0.7
      '@smithy/util-retry': 2.0.0
      '@smithy/util-utf8': 2.0.0
      tslib: 2.6.2
    transitivePeerDependencies:
      - aws-crt
    dev: false

  /@aws-sdk/types@3.398.0:
    resolution: {integrity: sha512-r44fkS+vsEgKCuEuTV+TIk0t0m5ZlXHNjSDYEUvzLStbbfUFiNus/YG4UCa0wOk9R7VuQI67badsvvPeVPCGDQ==}
    engines: {node: '>=14.0.0'}
    dependencies:
      '@smithy/types': 2.2.2
      tslib: 2.6.2
    dev: false

  /@aws-sdk/util-arn-parser@3.310.0:
    resolution: {integrity: sha512-jL8509owp/xB9+Or0pvn3Fe+b94qfklc2yPowZZIFAkFcCSIdkIglz18cPDWnYAcy9JGewpMS1COXKIUhZkJsA==}
    engines: {node: '>=14.0.0'}
    dependencies:
      tslib: 2.6.2
    dev: false

  /@aws-sdk/util-endpoints@3.398.0:
    resolution: {integrity: sha512-Fy0gLYAei/Rd6BrXG4baspCnWTUSd0NdokU1pZh4KlfEAEN1i8SPPgfiO5hLk7+2inqtCmqxVJlfqbMVe9k4bw==}
    engines: {node: '>=14.0.0'}
    dependencies:
      '@aws-sdk/types': 3.398.0
      tslib: 2.6.2
    dev: false

  /@aws-sdk/util-locate-window@3.310.0:
    resolution: {integrity: sha512-qo2t/vBTnoXpjKxlsC2e1gBrRm80M3bId27r0BRB2VniSSe7bL1mmzM+/HFtujm0iAxtPM+aLEflLJlJeDPg0w==}
    engines: {node: '>=14.0.0'}
    dependencies:
      tslib: 2.6.2
    dev: false

  /@aws-sdk/util-user-agent-browser@3.398.0:
    resolution: {integrity: sha512-A3Tzx1tkDHlBT+IgxmsMCHbV8LM7SwwCozq2ZjJRx0nqw3MCrrcxQFXldHeX/gdUMO+0Oocb7HGSnVODTq+0EA==}
    dependencies:
      '@aws-sdk/types': 3.398.0
      '@smithy/types': 2.2.2
      bowser: 2.11.0
      tslib: 2.6.2
    dev: false

  /@aws-sdk/util-user-agent-node@3.405.0:
    resolution: {integrity: sha512-6Ssld7aalKCnW6lSGfiiWpqwo2L+AmYq2oV3P9yYAo9ZL+Q78dXquabwj3uq3plJ4l2xE4Gfcf2FJ/1PZpqDvQ==}
    engines: {node: '>=14.0.0'}
    peerDependencies:
      aws-crt: '>=1.0.0'
    peerDependenciesMeta:
      aws-crt:
        optional: true
    dependencies:
      '@aws-sdk/types': 3.398.0
      '@smithy/node-config-provider': 2.0.7
      '@smithy/types': 2.2.2
      tslib: 2.6.2
    dev: false

  /@aws-sdk/util-utf8-browser@3.259.0:
    resolution: {integrity: sha512-UvFa/vR+e19XookZF8RzFZBrw2EUkQWxiBW0yYQAhvk3C+QVGl0H3ouca8LDBlBfQKXwmW3huo/59H8rwb1wJw==}
    dependencies:
      tslib: 2.6.2
    dev: false

  /@aws-sdk/xml-builder@3.310.0:
    resolution: {integrity: sha512-TqELu4mOuSIKQCqj63fGVs86Yh+vBx5nHRpWKNUNhB2nPTpfbziTs5c1X358be3peVWA4wPxW7Nt53KIg1tnNw==}
    engines: {node: '>=14.0.0'}
    dependencies:
      tslib: 2.6.2
    dev: false

  /@smithy/abort-controller@2.0.5:
    resolution: {integrity: sha512-byVZ2KWLMPYAZGKjRpniAzLcygJO4ruClZKdJTuB0eCB76ONFTdptBHlviHpAZXknRz7skYWPfcgO9v30A1SyA==}
    engines: {node: '>=14.0.0'}
    dependencies:
      '@smithy/types': 2.2.2
      tslib: 2.6.2
    dev: false

  /@smithy/chunked-blob-reader-native@2.0.0:
    resolution: {integrity: sha512-HM8V2Rp1y8+1343tkZUKZllFhEQPNmpNdgFAncbTsxkZ18/gqjk23XXv3qGyXWp412f3o43ZZ1UZHVcHrpRnCQ==}
    dependencies:
      '@smithy/util-base64': 2.0.0
      tslib: 2.6.2
    dev: false

  /@smithy/chunked-blob-reader@2.0.0:
    resolution: {integrity: sha512-k+J4GHJsMSAIQPChGBrjEmGS+WbPonCXesoqP9fynIqjn7rdOThdH8FAeCmokP9mxTYKQAKoHCLPzNlm6gh7Wg==}
    dependencies:
      tslib: 2.6.2
    dev: false

  /@smithy/config-resolver@2.0.5:
    resolution: {integrity: sha512-n0c2AXz+kjALY2FQr7Zy9zhYigXzboIh1AuUUVCqFBKFtdEvTwnwPXrTDoEehLiRTUHNL+4yzZ3s+D0kKYSLSg==}
    engines: {node: '>=14.0.0'}
    dependencies:
      '@smithy/types': 2.2.2
      '@smithy/util-config-provider': 2.0.0
      '@smithy/util-middleware': 2.0.0
      tslib: 2.6.2
    dev: false

  /@smithy/credential-provider-imds@2.0.7:
    resolution: {integrity: sha512-XivkZj/pipzpQPxgleE1odwJQ6oDsVViB4VUO/HRDI4EdEfZjud44USupOUOa/xOjS39/75DYB4zgTbyV+totw==}
    engines: {node: '>=14.0.0'}
    dependencies:
      '@smithy/node-config-provider': 2.0.7
      '@smithy/property-provider': 2.0.6
      '@smithy/types': 2.2.2
      '@smithy/url-parser': 2.0.5
      tslib: 2.6.2
    dev: false

  /@smithy/eventstream-codec@2.0.5:
    resolution: {integrity: sha512-iqR6OuOV3zbQK8uVs9o+9AxhVk8kW9NAxA71nugwUB+kTY9C35pUd0A5/m4PRT0Y0oIW7W4kgnSR3fdYXQjECw==}
    dependencies:
      '@aws-crypto/crc32': 3.0.0
      '@smithy/types': 2.2.2
      '@smithy/util-hex-encoding': 2.0.0
      tslib: 2.6.2
    dev: false

  /@smithy/eventstream-serde-browser@2.0.5:
    resolution: {integrity: sha512-8NU51y94qFJbxL6SmvgWDfITHO/svvbAigkLYk2pckX17TGCSf4EXuGpGLliJp5Ljh5+vASC7mUH2jYX7MWBxA==}
    engines: {node: '>=14.0.0'}
    dependencies:
      '@smithy/eventstream-serde-universal': 2.0.5
      '@smithy/types': 2.2.2
      tslib: 2.6.2
    dev: false

  /@smithy/eventstream-serde-config-resolver@2.0.5:
    resolution: {integrity: sha512-u3gvukRaTH4X6tsryuZ4T1WGIEP34fPaTTzphFDJe8GJz/k11oBW1MPnkcaucBMxLnObK9swCF85j5cp1Kj1oA==}
    engines: {node: '>=14.0.0'}
    dependencies:
      '@smithy/types': 2.2.2
      tslib: 2.6.2
    dev: false

  /@smithy/eventstream-serde-node@2.0.5:
    resolution: {integrity: sha512-/C8jb+k/vKUBIe80D30vzjvRXlJf76kG2AJY7/NwiqWuD2usRuuDFCDaswXdVsSh9P1+FeaxZ48chsK10yDryQ==}
    engines: {node: '>=14.0.0'}
    dependencies:
      '@smithy/eventstream-serde-universal': 2.0.5
      '@smithy/types': 2.2.2
      tslib: 2.6.2
    dev: false

  /@smithy/eventstream-serde-universal@2.0.5:
    resolution: {integrity: sha512-+vHvbQtlSVYTQ/20tNpVaKi0EpTR7E8GoEUHJypRZIRgiT03b3h2MAWk+SNaqMrCJrYG9vKLkJFzDylRlUvDWg==}
    engines: {node: '>=14.0.0'}
    dependencies:
      '@smithy/eventstream-codec': 2.0.5
      '@smithy/types': 2.2.2
      tslib: 2.6.2
    dev: false

  /@smithy/fetch-http-handler@2.0.5:
    resolution: {integrity: sha512-EzFoMowdBNy1VqtvkiXgPFEdosIAt4/4bgZ8uiDiUyfhmNXq/3bV+CagPFFBsgFOR/X2XK4zFZHRsoa7PNHVVg==}
    dependencies:
      '@smithy/protocol-http': 2.0.5
      '@smithy/querystring-builder': 2.0.5
      '@smithy/types': 2.2.2
      '@smithy/util-base64': 2.0.0
      tslib: 2.6.2
    dev: false

  /@smithy/hash-blob-browser@2.0.5:
    resolution: {integrity: sha512-ZVAUBtJXGf9bEko4/RwWcTK6d3b/ZmQMxJMrxOOcQhVDiqny9zI0mzgstO4Oxz3135R7S3V/bbGw3w3woCYpQg==}
    dependencies:
      '@smithy/chunked-blob-reader': 2.0.0
      '@smithy/chunked-blob-reader-native': 2.0.0
      '@smithy/types': 2.2.2
      tslib: 2.6.2
    dev: false

  /@smithy/hash-node@2.0.5:
    resolution: {integrity: sha512-mk551hIywBITT+kXruRNXk7f8Fy7DTzBjZJSr/V6nolYKmUHIG3w5QU6nO9qPYEQGKc/yEPtkpdS28ndeG93lA==}
    engines: {node: '>=14.0.0'}
    dependencies:
      '@smithy/types': 2.2.2
      '@smithy/util-buffer-from': 2.0.0
      '@smithy/util-utf8': 2.0.0
      tslib: 2.6.2
    dev: false

  /@smithy/hash-stream-node@2.0.5:
    resolution: {integrity: sha512-XiR4Aoux5kXy8OWPLQisKy3GPmm0l6deHepvPvr4MUzIwa5XWazG3JdbZXy+mk93CvEZrOwKPHU5Kul6QybJiQ==}
    engines: {node: '>=14.0.0'}
    dependencies:
      '@smithy/types': 2.2.2
      '@smithy/util-utf8': 2.0.0
      tslib: 2.6.2
    dev: false

  /@smithy/invalid-dependency@2.0.5:
    resolution: {integrity: sha512-0wEi+JT0hM+UUwrJVYbqjuGFhy5agY/zXyiN7BNAJ1XoCDjU5uaNSj8ekPWsXd/d4yM6NSe8UbPd8cOc1+3oBQ==}
    dependencies:
      '@smithy/types': 2.2.2
      tslib: 2.6.2
    dev: false

  /@smithy/is-array-buffer@2.0.0:
    resolution: {integrity: sha512-z3PjFjMyZNI98JFRJi/U0nGoLWMSJlDjAW4QUX2WNZLas5C0CmVV6LJ01JI0k90l7FvpmixjWxPFmENSClQ7ug==}
    engines: {node: '>=14.0.0'}
    dependencies:
      tslib: 2.6.2
    dev: false

  /@smithy/md5-js@2.0.5:
    resolution: {integrity: sha512-k5EOte/Ye2r7XBVaXv2rhiehk6l3T4uRiPF+pnxKEc+G9Fwd1xAXBDZrtOq1syFPBKBmVfNszG4nevngST7NKg==}
    dependencies:
      '@smithy/types': 2.2.2
      '@smithy/util-utf8': 2.0.0
      tslib: 2.6.2
    dev: false

  /@smithy/middleware-content-length@2.0.5:
    resolution: {integrity: sha512-E7VwV5H02fgZIUGRli4GevBCAPvkyEI/fgl9SU47nPPi3DAAX3nEtUb8xfGbXjOcJ5BdSUoWWZn42tEd/blOqA==}
    engines: {node: '>=14.0.0'}
    dependencies:
      '@smithy/protocol-http': 2.0.5
      '@smithy/types': 2.2.2
      tslib: 2.6.2
    dev: false

  /@smithy/middleware-endpoint@2.0.5:
    resolution: {integrity: sha512-tyzDuoNTbsMQCq5Xkc4QOt6e2GACUllQIV8SQ5fc59FtOIV9/vbf58/GxVjZm2o8+MMbdDBANjTDZe/ijZKfyA==}
    engines: {node: '>=14.0.0'}
    dependencies:
      '@smithy/middleware-serde': 2.0.5
      '@smithy/types': 2.2.2
      '@smithy/url-parser': 2.0.5
      '@smithy/util-middleware': 2.0.0
      tslib: 2.6.2
    dev: false

  /@smithy/middleware-retry@2.0.5:
    resolution: {integrity: sha512-ulIfbFyzQTVnJbLjUl1CTSi0etg6tej/ekwaLp0Gn8ybUkDkKYa+uB6CF/m2J5B6meRwyJlsryR+DjaOVyiicg==}
    engines: {node: '>=14.0.0'}
    dependencies:
      '@smithy/protocol-http': 2.0.5
      '@smithy/service-error-classification': 2.0.0
      '@smithy/types': 2.2.2
      '@smithy/util-middleware': 2.0.0
      '@smithy/util-retry': 2.0.0
      tslib: 2.6.2
      uuid: 8.3.2
    dev: false

  /@smithy/middleware-serde@2.0.5:
    resolution: {integrity: sha512-in0AA5sous74dOfTGU9rMJBXJ0bDVNxwdXtEt5lh3FVd2sEyjhI+rqpLLRF1E4ixbw3RSEf80hfRpcPdjg4vvQ==}
    engines: {node: '>=14.0.0'}
    dependencies:
      '@smithy/types': 2.2.2
      tslib: 2.6.2
    dev: false

  /@smithy/middleware-stack@2.0.0:
    resolution: {integrity: sha512-31XC1xNF65nlbc16yuh3wwTudmqs6qy4EseQUGF8A/p2m/5wdd/cnXJqpniy/XvXVwkHPz/GwV36HqzHtIKATQ==}
    engines: {node: '>=14.0.0'}
    dependencies:
      tslib: 2.6.2
    dev: false

  /@smithy/node-config-provider@2.0.7:
    resolution: {integrity: sha512-GuLxhnf0aVQsfQp4ZWaM1TRCIndpQjAswyFcmDFRNf4yFqpxpLPDeV540+O0Z21Hmu3deoQm/dCPXbVn90PYzg==}
    engines: {node: '>=14.0.0'}
    dependencies:
      '@smithy/property-provider': 2.0.6
      '@smithy/shared-ini-file-loader': 2.0.6
      '@smithy/types': 2.2.2
      tslib: 2.6.2
    dev: false

  /@smithy/node-http-handler@2.0.5:
    resolution: {integrity: sha512-lZm5DZf4b3V0saUw9WTC4/du887P6cy2fUyQgQQKRRV6OseButyD5yTzeMmXE53CaXJBMBsUvvIQ0hRVxIq56w==}
    engines: {node: '>=14.0.0'}
    dependencies:
      '@smithy/abort-controller': 2.0.5
      '@smithy/protocol-http': 2.0.5
      '@smithy/querystring-builder': 2.0.5
      '@smithy/types': 2.2.2
      tslib: 2.6.2
    dev: false

  /@smithy/property-provider@2.0.6:
    resolution: {integrity: sha512-CVem6ZkkWxbTnhjDLyLESY0oLA6IUZYtdqrCpGQKUXaFBOuc/izjm7fIFGBxEbjZ1EGcH9hHxrjqX36RWULNRg==}
    engines: {node: '>=14.0.0'}
    dependencies:
      '@smithy/types': 2.2.2
      tslib: 2.6.2
    dev: false

  /@smithy/protocol-http@2.0.5:
    resolution: {integrity: sha512-d2hhHj34mA2V86doiDfrsy2fNTnUOowGaf9hKb0hIPHqvcnShU4/OSc4Uf1FwHkAdYF3cFXTrj5VGUYbEuvMdw==}
    engines: {node: '>=14.0.0'}
    dependencies:
      '@smithy/types': 2.2.2
      tslib: 2.6.2
    dev: false

  /@smithy/querystring-builder@2.0.5:
    resolution: {integrity: sha512-4DCX9krxLzATj+HdFPC3i8pb7XTAWzzKqSw8aTZMjXjtQY+vhe4azMAqIvbb6g7JKwIkmkRAjK6EXO3YWSnJVQ==}
    engines: {node: '>=14.0.0'}
    dependencies:
      '@smithy/types': 2.2.2
      '@smithy/util-uri-escape': 2.0.0
      tslib: 2.6.2
    dev: false

  /@smithy/querystring-parser@2.0.5:
    resolution: {integrity: sha512-C2stCULH0r54KBksv3AWcN8CLS3u9+WsEW8nBrvctrJ5rQTNa1waHkffpVaiKvcW2nP0aIMBPCobD/kYf/q9mA==}
    engines: {node: '>=14.0.0'}
    dependencies:
      '@smithy/types': 2.2.2
      tslib: 2.6.2
    dev: false

  /@smithy/service-error-classification@2.0.0:
    resolution: {integrity: sha512-2z5Nafy1O0cTf69wKyNjGW/sNVMiqDnb4jgwfMG8ye8KnFJ5qmJpDccwIbJNhXIfbsxTg9SEec2oe1cexhMJvw==}
    engines: {node: '>=14.0.0'}
    dev: false

  /@smithy/shared-ini-file-loader@2.0.6:
    resolution: {integrity: sha512-NO6dHqho6APbVR0DxPtYoL4KXBqUeSM3Slsd103MOgL50YbzzsQmMLtDMZ87W8MlvvCN0tuiq+OrAO/rM7hTQg==}
    engines: {node: '>=14.0.0'}
    dependencies:
      '@smithy/types': 2.2.2
      tslib: 2.6.2
    dev: false

  /@smithy/signature-v4@2.0.5:
    resolution: {integrity: sha512-ABIzXmUDXK4n2c9cXjQLELgH2RdtABpYKT+U131e2I6RbCypFZmxIHmIBufJzU2kdMCQ3+thBGDWorAITFW04A==}
    engines: {node: '>=14.0.0'}
    dependencies:
      '@smithy/eventstream-codec': 2.0.5
      '@smithy/is-array-buffer': 2.0.0
      '@smithy/types': 2.2.2
      '@smithy/util-hex-encoding': 2.0.0
      '@smithy/util-middleware': 2.0.0
      '@smithy/util-uri-escape': 2.0.0
      '@smithy/util-utf8': 2.0.0
      tslib: 2.6.2
    dev: false

  /@smithy/smithy-client@2.0.5:
    resolution: {integrity: sha512-kCTFr8wfOAWKDzGvfBElc6shHigWtHNhMQ1IbosjC4jOlayFyZMSs2PysKB+Ox/dhQ41KqOzgVjgiQ+PyWqHMQ==}
    engines: {node: '>=14.0.0'}
    dependencies:
      '@smithy/middleware-stack': 2.0.0
      '@smithy/types': 2.2.2
      '@smithy/util-stream': 2.0.5
      tslib: 2.6.2
    dev: false

  /@smithy/types@2.2.2:
    resolution: {integrity: sha512-4PS0y1VxDnELGHGgBWlDksB2LJK8TG8lcvlWxIsgR+8vROI7Ms8h1P4FQUx+ftAX2QZv5g1CJCdhdRmQKyonyw==}
    engines: {node: '>=14.0.0'}
    dependencies:
      tslib: 2.6.2
    dev: false

  /@smithy/url-parser@2.0.5:
    resolution: {integrity: sha512-OdMBvZhpckQSkugCXNJQCvqJ71wE7Ftxce92UOQLQ9pwF6hoS5PLL7wEfpnuEXtStzBqJYkzu1C1ZfjuFGOXAA==}
    dependencies:
      '@smithy/querystring-parser': 2.0.5
      '@smithy/types': 2.2.2
      tslib: 2.6.2
    dev: false

  /@smithy/util-base64@2.0.0:
    resolution: {integrity: sha512-Zb1E4xx+m5Lud8bbeYi5FkcMJMnn+1WUnJF3qD7rAdXpaL7UjkFQLdmW5fHadoKbdHpwH9vSR8EyTJFHJs++tA==}
    engines: {node: '>=14.0.0'}
    dependencies:
      '@smithy/util-buffer-from': 2.0.0
      tslib: 2.6.2
    dev: false

  /@smithy/util-body-length-browser@2.0.0:
    resolution: {integrity: sha512-JdDuS4ircJt+FDnaQj88TzZY3+njZ6O+D3uakS32f2VNnDo3vyEuNdBOh/oFd8Df1zSZOuH1HEChk2AOYDezZg==}
    dependencies:
      tslib: 2.6.2
    dev: false

  /@smithy/util-body-length-node@2.1.0:
    resolution: {integrity: sha512-/li0/kj/y3fQ3vyzn36NTLGmUwAICb7Jbe/CsWCktW363gh1MOcpEcSO3mJ344Gv2dqz8YJCLQpb6hju/0qOWw==}
    engines: {node: '>=14.0.0'}
    dependencies:
      tslib: 2.6.2
    dev: false

  /@smithy/util-buffer-from@2.0.0:
    resolution: {integrity: sha512-/YNnLoHsR+4W4Vf2wL5lGv0ksg8Bmk3GEGxn2vEQt52AQaPSCuaO5PM5VM7lP1K9qHRKHwrPGktqVoAHKWHxzw==}
    engines: {node: '>=14.0.0'}
    dependencies:
      '@smithy/is-array-buffer': 2.0.0
      tslib: 2.6.2
    dev: false

  /@smithy/util-config-provider@2.0.0:
    resolution: {integrity: sha512-xCQ6UapcIWKxXHEU4Mcs2s7LcFQRiU3XEluM2WcCjjBtQkUN71Tb+ydGmJFPxMUrW/GWMgQEEGipLym4XG0jZg==}
    engines: {node: '>=14.0.0'}
    dependencies:
      tslib: 2.6.2
    dev: false

  /@smithy/util-defaults-mode-browser@2.0.6:
    resolution: {integrity: sha512-h8xyKTZIIom62DN4xbPUmL+RL1deZcK1qJGmCr4c2yXjOrs5/iZ1VtQQcl+xP78620ga/565AikZE1sktdg2yA==}
    engines: {node: '>= 10.0.0'}
    dependencies:
      '@smithy/property-provider': 2.0.6
      '@smithy/types': 2.2.2
      bowser: 2.11.0
      tslib: 2.6.2
    dev: false

  /@smithy/util-defaults-mode-node@2.0.7:
    resolution: {integrity: sha512-2C1YfmYJj9bpM/cRAgQppYNzPd8gDEXZ5XIVDuEQg3TmmIiinZaFf/HsHYo9NK/PMy5oawJVdIuR7SVriIo1AQ==}
    engines: {node: '>= 10.0.0'}
    dependencies:
      '@smithy/config-resolver': 2.0.5
      '@smithy/credential-provider-imds': 2.0.7
      '@smithy/node-config-provider': 2.0.7
      '@smithy/property-provider': 2.0.6
      '@smithy/types': 2.2.2
      tslib: 2.6.2
    dev: false

  /@smithy/util-hex-encoding@2.0.0:
    resolution: {integrity: sha512-c5xY+NUnFqG6d7HFh1IFfrm3mGl29lC+vF+geHv4ToiuJCBmIfzx6IeHLg+OgRdPFKDXIw6pvi+p3CsscaMcMA==}
    engines: {node: '>=14.0.0'}
    dependencies:
      tslib: 2.6.2
    dev: false

  /@smithy/util-middleware@2.0.0:
    resolution: {integrity: sha512-eCWX4ECuDHn1wuyyDdGdUWnT4OGyIzV0LN1xRttBFMPI9Ff/4heSHVxneyiMtOB//zpXWCha1/SWHJOZstG7kA==}
    engines: {node: '>=14.0.0'}
    dependencies:
      tslib: 2.6.2
    dev: false

  /@smithy/util-retry@2.0.0:
    resolution: {integrity: sha512-/dvJ8afrElasuiiIttRJeoS2sy8YXpksQwiM/TcepqdRVp7u4ejd9C4IQURHNjlfPUT7Y6lCDSa2zQJbdHhVTg==}
    engines: {node: '>= 14.0.0'}
    dependencies:
      '@smithy/service-error-classification': 2.0.0
      tslib: 2.6.2
    dev: false

  /@smithy/util-stream@2.0.5:
    resolution: {integrity: sha512-ylx27GwI05xLpYQ4hDIfS15vm+wYjNN0Sc2P0FxuzgRe8v0BOLHppGIQ+Bezcynk8C9nUzsUue3TmtRhjut43g==}
    engines: {node: '>=14.0.0'}
    dependencies:
      '@smithy/fetch-http-handler': 2.0.5
      '@smithy/node-http-handler': 2.0.5
      '@smithy/types': 2.2.2
      '@smithy/util-base64': 2.0.0
      '@smithy/util-buffer-from': 2.0.0
      '@smithy/util-hex-encoding': 2.0.0
      '@smithy/util-utf8': 2.0.0
      tslib: 2.6.2
    dev: false

  /@smithy/util-uri-escape@2.0.0:
    resolution: {integrity: sha512-ebkxsqinSdEooQduuk9CbKcI+wheijxEb3utGXkCoYQkJnwTnLbH1JXGimJtUkQwNQbsbuYwG2+aFVyZf5TLaw==}
    engines: {node: '>=14.0.0'}
    dependencies:
      tslib: 2.6.2
    dev: false

  /@smithy/util-utf8@2.0.0:
    resolution: {integrity: sha512-rctU1VkziY84n5OXe3bPNpKR001ZCME2JCaBBFgtiM2hfKbHFudc/BkMuPab8hRbLd0j3vbnBTTZ1igBf0wgiQ==}
    engines: {node: '>=14.0.0'}
    dependencies:
      '@smithy/util-buffer-from': 2.0.0
      tslib: 2.6.2
    dev: false

  /@smithy/util-waiter@2.0.5:
    resolution: {integrity: sha512-1lkkUmI/bhaDX+LIT3RiUNAn+NzPmsWjE7beMq0oQ3H1/CffaILIN67riDA0aE1YBj6xll7uWMIy4tJqc+peXw==}
    engines: {node: '>=14.0.0'}
    dependencies:
      '@smithy/abort-controller': 2.0.5
      '@smithy/types': 2.2.2
      tslib: 2.6.2
    dev: false

  /@types/node@20.5.9:
    resolution: {integrity: sha512-PcGNd//40kHAS3sTlzKB9C9XL4K0sTup8nbG5lC14kzEteTNuAFh9u5nA0o5TWnSG2r/JNPRXFVcHJIIeRlmqQ==}
    dev: true

  /asynckit@0.4.0:
    resolution: {integrity: sha512-Oei9OH4tRh0YqU3GxhX79dM/mwVgvbZJaSNaRk+bshkj0S5cfHcgYakreBjrHwatXKbz+IoIdYLxrKim2MjW0Q==}
    dev: false

  /axios@1.5.0:
    resolution: {integrity: sha512-D4DdjDo5CY50Qms0qGQTTw6Q44jl7zRwY7bthds06pUGfChBCTcQs+N743eFWGEd6pRTMd6A+I87aWyFV5wiZQ==}
    dependencies:
      follow-redirects: 1.15.2
      form-data: 4.0.0
      proxy-from-env: 1.1.0
    transitivePeerDependencies:
      - debug
    dev: false

  /bowser@2.11.0:
    resolution: {integrity: sha512-AlcaJBi/pqqJBIQ8U9Mcpc9i8Aqxn88Skv5d+xBX006BY5u8N3mGLHa5Lgppa7L/HfwgwLgZ6NYs+Ag6uUmJRA==}
    dev: false

  /combined-stream@1.0.8:
    resolution: {integrity: sha512-FQN4MRfuJeHf7cBbBMJFXhKSDq+2kAArBlmRBvcvFE5BB1HZKXtSFASDhdlz9zOYwxh8lDdnvmMOe/+5cdoEdg==}
    engines: {node: '>= 0.8'}
    dependencies:
      delayed-stream: 1.0.0
    dev: false

  /delayed-stream@1.0.0:
    resolution: {integrity: sha512-ZySD7Nf91aLB0RxL4KGrKHBXl7Eds1DAmEdcoVawXnLD7SDhpNgtuII2aAkg7a7QS41jxPSZ17p4VdGnMHk3MQ==}
    engines: {node: '>=0.4.0'}
    dev: false

  /dotenv@16.3.1:
    resolution: {integrity: sha512-IPzF4w4/Rd94bA9imS68tZBaYyBWSCE47V1RGuMrB94iyTOIEwRmVL2x/4An+6mETpLrKJ5hQkB8W4kFAadeIQ==}
    engines: {node: '>=12'}
    dev: true

  /entities@2.2.0:
    resolution: {integrity: sha512-p92if5Nz619I0w+akJrLZH0MX0Pb5DX39XOwQTtXSdQQOaYH03S1uIQp4mhOZtAXrxq4ViO67YTiLBo2638o9A==}
    dev: false

  /fast-xml-parser@4.2.5:
    resolution: {integrity: sha512-B9/wizE4WngqQftFPmdaMYlXoJlJOYxGQOanC77fq9k8+Z0v5dDSVh+3glErdIROP//s/jgb7ZuxKfB8nVyo0g==}
    hasBin: true
    dependencies:
      strnum: 1.0.5
    dev: false

  /follow-redirects@1.15.2:
    resolution: {integrity: sha512-VQLG33o04KaQ8uYi2tVNbdrWp1QWxNNea+nmIB4EVM28v0hmP17z7aG1+wAkNzVq4KeXTq3221ye5qTJP91JwA==}
    engines: {node: '>=4.0'}
    peerDependencies:
      debug: '*'
    peerDependenciesMeta:
      debug:
        optional: true
    dev: false

  /form-data@4.0.0:
    resolution: {integrity: sha512-ETEklSGi5t0QMZuiXoA/Q6vcnxcLQP5vdugSpuAyi6SVGi2clPPp+xgEhuMaHC+zGgn31Kd235W35f7Hykkaww==}
    engines: {node: '>= 6'}
    dependencies:
      asynckit: 0.4.0
      combined-stream: 1.0.8
      mime-types: 2.1.35
    dev: false

  /mime-db@1.52.0:
    resolution: {integrity: sha512-sPU4uV7dYlvtWJxwwxHD0PuihVNiE7TyAbQ5SWxDCB9mUYvOgroQOwYQQOKPJ8CIbE+1ETVlOoK1UC2nU3gYvg==}
    engines: {node: '>= 0.6'}
    dev: false

  /mime-types@2.1.35:
    resolution: {integrity: sha512-ZDY+bPm5zTTF+YpCrAU9nK0UgICYPT0QtT1NZWFv4s++TNkcgVaT0g6+4R2uI4MjQjzysHB1zxuWL50hzaeXiw==}
    engines: {node: '>= 0.6'}
    dependencies:
      mime-db: 1.52.0
    dev: false

  /proxy-from-env@1.1.0:
    resolution: {integrity: sha512-D+zkORCbA9f1tdWRK0RaCR3GPv50cMxcrz4X8k5LTSUD1Dkw47mKJEZQNunItRTkWwgtaUSo1RVFRIG9ZXiFYg==}
    dev: false

  /rss-parser@3.13.0:
    resolution: {integrity: sha512-7jWUBV5yGN3rqMMj7CZufl/291QAhvrrGpDNE4k/02ZchL0npisiYYqULF71jCEKoIiHvK/Q2e6IkDwPziT7+w==}
    dependencies:
      entities: 2.2.0
      xml2js: 0.5.0
    dev: false

  /sax@1.2.4:
    resolution: {integrity: sha512-NqVDv9TpANUjFm0N8uM5GxL36UgKi9/atZw+x7YFnQ8ckwFGKrl4xX4yWtrey3UJm5nP1kUbnYgLopqWNSRhWw==}
    dev: false

  /strnum@1.0.5:
    resolution: {integrity: sha512-J8bbNyKKXl5qYcR36TIO8W3mVGVHrmmxsd5PAItGkmyzwJvybiw2IVq5nqd0i4LSNSkB/sx9VHllbfFdr9k1JA==}
    dev: false

  /tslib@1.14.1:
    resolution: {integrity: sha512-Xni35NKzjgMrwevysHTCArtLDpPvye8zV/0E4EyYn43P7/7qvQwPh9BGkHewbMulVntbigmcT7rdX3BNo9wRJg==}
    dev: false

  /tslib@2.6.2:
    resolution: {integrity: sha512-AEYxH93jGFPn/a2iVAwW87VuUIkR1FVUKB77NwMF7nBTDkDrrT/Hpt/IrCJ0QXhW27jTBDcf5ZY7w6RiqTMw2Q==}
    dev: false

  /typescript@5.2.2:
    resolution: {integrity: sha512-mI4WrpHsbCIcwT9cF4FZvr80QUeKvsUsUvKDoR+X/7XHQH98xYD8YHZg7ANtz2GtZt/CBq2QJ0thkGJMHfqc1w==}
    engines: {node: '>=14.17'}
    hasBin: true
    dev: true

  /uuid@8.3.2:
    resolution: {integrity: sha512-+NYs2QeMWy+GWFOEm9xnn6HCDp0l7QBD7ml8zLUmJ+93Q5NF0NocErnwkTkXVFNiX3/fpC6afS8Dhb/gz7R7eg==}
    hasBin: true
    dev: false

  /xml2js@0.5.0:
    resolution: {integrity: sha512-drPFnkQJik/O+uPKpqSgr22mpuFHqKdbS835iAQrUC73L2F5WkboIRd63ai/2Yg6I1jzifPFKH2NTK+cfglkIA==}
    engines: {node: '>=4.0.0'}
    dependencies:
      sax: 1.2.4
      xmlbuilder: 11.0.1
    dev: false

  /xmlbuilder@11.0.1:
    resolution: {integrity: sha512-fDlsI/kFEx7gLvbecc0/ohLG50fugQp8ryHzMTuW9vSa1GJ0XYWKnhsUx7oie3G98+r56aTQIUB4kht42R3JvA==}
    engines: {node: '>=4.0'}
    dev: false
