lockfileVersion: '6.0'

settings:
  autoInstallPeers: true
  excludeLinksFromLockfile: false

dependencies:
  '@aws-sdk/client-s3':
    specifier: ^3.429.0
    version: 3.429.0
  axios:
    specifier: ^1.5.1
    version: 1.5.1
  rss-parser:
    specifier: ^3.13.0
    version: 3.13.0

devDependencies:
  '@types/node':
    specifier: ^20.8.4
    version: 20.8.4
  dotenv:
    specifier: ^16.3.1
    version: 16.3.1
  typescript:
    specifier: ^5.2.2
    version: 5.2.2

packages:

  /@aws-crypto/crc32@3.0.0:
    resolution: {integrity: sha512-IzSgsrxUcsrejQbPVilIKy16kAT52EwB6zSaI+M3xxIhKh5+aldEyvI+z6erM7TCLB2BJsFrtHjp6/4/sr+3dA==}
    dependencies:
      '@aws-crypto/util': 3.0.0
      '@aws-sdk/types': 3.428.0
      tslib: 1.14.1
    dev: false

  /@aws-crypto/crc32c@3.0.0:
    resolution: {integrity: sha512-ENNPPManmnVJ4BTXlOjAgD7URidbAznURqD0KvfREyc4o20DPYdEldU1f5cQ7Jbj0CJJSPaMIk/9ZshdB3210w==}
    dependencies:
      '@aws-crypto/util': 3.0.0
      '@aws-sdk/types': 3.428.0
      tslib: 1.14.1
    dev: false

  /@aws-crypto/ie11-detection@3.0.0:
    resolution: {integrity: sha512-341lBBkiY1DfDNKai/wXM3aujNBkXR7tq1URPQDL9wi3AUbI80NR74uF1TXHMm7po1AcnFk8iu2S2IeU/+/A+Q==}
    dependencies:
      tslib: 1.14.1
    dev: false

  /@aws-crypto/sha1-browser@3.0.0:
    resolution: {integrity: sha512-NJth5c997GLHs6nOYTzFKTbYdMNA6/1XlKVgnZoaZcQ7z7UJlOgj2JdbHE8tiYLS3fzXNCguct77SPGat2raSw==}
    dependencies:
      '@aws-crypto/ie11-detection': 3.0.0
      '@aws-crypto/supports-web-crypto': 3.0.0
      '@aws-crypto/util': 3.0.0
      '@aws-sdk/types': 3.428.0
      '@aws-sdk/util-locate-window': 3.310.0
      '@aws-sdk/util-utf8-browser': 3.259.0
      tslib: 1.14.1
    dev: false

  /@aws-crypto/sha256-browser@3.0.0:
    resolution: {integrity: sha512-8VLmW2B+gjFbU5uMeqtQM6Nj0/F1bro80xQXCW6CQBWgosFWXTx77aeOF5CAIAmbOK64SdMBJdNr6J41yP5mvQ==}
    dependencies:
      '@aws-crypto/ie11-detection': 3.0.0
      '@aws-crypto/sha256-js': 3.0.0
      '@aws-crypto/supports-web-crypto': 3.0.0
      '@aws-crypto/util': 3.0.0
      '@aws-sdk/types': 3.428.0
      '@aws-sdk/util-locate-window': 3.310.0
      '@aws-sdk/util-utf8-browser': 3.259.0
      tslib: 1.14.1
    dev: false

  /@aws-crypto/sha256-js@3.0.0:
    resolution: {integrity: sha512-PnNN7os0+yd1XvXAy23CFOmTbMaDxgxXtTKHybrJ39Y8kGzBATgBFibWJKH6BhytLI/Zyszs87xCOBNyBig6vQ==}
    dependencies:
      '@aws-crypto/util': 3.0.0
      '@aws-sdk/types': 3.428.0
      tslib: 1.14.1
    dev: false

  /@aws-crypto/supports-web-crypto@3.0.0:
    resolution: {integrity: sha512-06hBdMwUAb2WFTuGG73LSC0wfPu93xWwo5vL2et9eymgmu3Id5vFAHBbajVWiGhPO37qcsdCap/FqXvJGJWPIg==}
    dependencies:
      tslib: 1.14.1
    dev: false

  /@aws-crypto/util@3.0.0:
    resolution: {integrity: sha512-2OJlpeJpCR48CC8r+uKVChzs9Iungj9wkZrl8Z041DWEWvyIHILYKCPNzJghKsivj+S3mLo6BVc7mBNzdxA46w==}
    dependencies:
      '@aws-sdk/types': 3.428.0
      '@aws-sdk/util-utf8-browser': 3.259.0
      tslib: 1.14.1
    dev: false

  /@aws-sdk/client-s3@3.429.0:
    resolution: {integrity: sha512-ZSEBABgfFLcT1F3u/CRTsvAPezZw13H4uVa4GuQB/2Qn5uVkhxNL6Ff7RYVbSrCPkXk4F0Bwk2h5HjBDDHFZYA==}
    engines: {node: '>=14.0.0'}
    dependencies:
      '@aws-crypto/sha1-browser': 3.0.0
      '@aws-crypto/sha256-browser': 3.0.0
      '@aws-crypto/sha256-js': 3.0.0
      '@aws-sdk/client-sts': 3.429.0
      '@aws-sdk/credential-provider-node': 3.429.0
      '@aws-sdk/middleware-bucket-endpoint': 3.428.0
      '@aws-sdk/middleware-expect-continue': 3.428.0
      '@aws-sdk/middleware-flexible-checksums': 3.428.0
      '@aws-sdk/middleware-host-header': 3.429.0
      '@aws-sdk/middleware-location-constraint': 3.428.0
      '@aws-sdk/middleware-logger': 3.428.0
      '@aws-sdk/middleware-recursion-detection': 3.428.0
      '@aws-sdk/middleware-sdk-s3': 3.429.0
      '@aws-sdk/middleware-signing': 3.428.0
      '@aws-sdk/middleware-ssec': 3.428.0
      '@aws-sdk/middleware-user-agent': 3.428.0
      '@aws-sdk/region-config-resolver': 3.428.0
      '@aws-sdk/signature-v4-multi-region': 3.428.0
      '@aws-sdk/types': 3.428.0
      '@aws-sdk/util-endpoints': 3.428.0
      '@aws-sdk/util-user-agent-browser': 3.428.0
      '@aws-sdk/util-user-agent-node': 3.428.0
      '@aws-sdk/xml-builder': 3.310.0
      '@smithy/config-resolver': 2.0.14
      '@smithy/eventstream-serde-browser': 2.0.11
      '@smithy/eventstream-serde-config-resolver': 2.0.11
      '@smithy/eventstream-serde-node': 2.0.11
      '@smithy/fetch-http-handler': 2.2.3
      '@smithy/hash-blob-browser': 2.0.11
      '@smithy/hash-node': 2.0.11
      '@smithy/hash-stream-node': 2.0.11
      '@smithy/invalid-dependency': 2.0.11
      '@smithy/md5-js': 2.0.11
      '@smithy/middleware-content-length': 2.0.13
      '@smithy/middleware-endpoint': 2.1.2
      '@smithy/middleware-retry': 2.0.16
      '@smithy/middleware-serde': 2.0.11
      '@smithy/middleware-stack': 2.0.5
      '@smithy/node-config-provider': 2.1.1
      '@smithy/node-http-handler': 2.1.7
      '@smithy/protocol-http': 3.0.7
      '@smithy/smithy-client': 2.1.11
      '@smithy/types': 2.3.5
      '@smithy/url-parser': 2.0.11
      '@smithy/util-base64': 2.0.0
      '@smithy/util-body-length-browser': 2.0.0
      '@smithy/util-body-length-node': 2.1.0
      '@smithy/util-defaults-mode-browser': 2.0.15
      '@smithy/util-defaults-mode-node': 2.0.20
      '@smithy/util-retry': 2.0.4
      '@smithy/util-stream': 2.0.16
      '@smithy/util-utf8': 2.0.0
      '@smithy/util-waiter': 2.0.11
      fast-xml-parser: 4.2.5
      tslib: 2.6.2
    transitivePeerDependencies:
      - aws-crt
    dev: false

  /@aws-sdk/client-sso@3.429.0:
    resolution: {integrity: sha512-Bz802NpXUrFI1KB9uu1GwCbmi0xpw+GY6+TIyaGTXbGQjg4fYOJQLUtMxmb1c1/qUTZX/x5qetF3QBwgpBbLug==}
    engines: {node: '>=14.0.0'}
    dependencies:
      '@aws-crypto/sha256-browser': 3.0.0
      '@aws-crypto/sha256-js': 3.0.0
      '@aws-sdk/middleware-host-header': 3.429.0
      '@aws-sdk/middleware-logger': 3.428.0
      '@aws-sdk/middleware-recursion-detection': 3.428.0
      '@aws-sdk/middleware-user-agent': 3.428.0
      '@aws-sdk/region-config-resolver': 3.428.0
      '@aws-sdk/types': 3.428.0
      '@aws-sdk/util-endpoints': 3.428.0
      '@aws-sdk/util-user-agent-browser': 3.428.0
      '@aws-sdk/util-user-agent-node': 3.428.0
      '@smithy/config-resolver': 2.0.14
      '@smithy/fetch-http-handler': 2.2.3
      '@smithy/hash-node': 2.0.11
      '@smithy/invalid-dependency': 2.0.11
      '@smithy/middleware-content-length': 2.0.13
      '@smithy/middleware-endpoint': 2.1.2
      '@smithy/middleware-retry': 2.0.16
      '@smithy/middleware-serde': 2.0.11
      '@smithy/middleware-stack': 2.0.5
      '@smithy/node-config-provider': 2.1.1
      '@smithy/node-http-handler': 2.1.7
      '@smithy/protocol-http': 3.0.7
      '@smithy/smithy-client': 2.1.11
      '@smithy/types': 2.3.5
      '@smithy/url-parser': 2.0.11
      '@smithy/util-base64': 2.0.0
      '@smithy/util-body-length-browser': 2.0.0
      '@smithy/util-body-length-node': 2.1.0
      '@smithy/util-defaults-mode-browser': 2.0.15
      '@smithy/util-defaults-mode-node': 2.0.20
      '@smithy/util-retry': 2.0.4
      '@smithy/util-utf8': 2.0.0
      tslib: 2.6.2
    transitivePeerDependencies:
      - aws-crt
    dev: false

  /@aws-sdk/client-sts@3.429.0:
    resolution: {integrity: sha512-yNRYHXqGIYjEGlpaIll9zJDsVOQWjwbvR2zfTpUwEtN4I17k/psjLAsznfTbq/4tEftkpAJ2pNsVrkHUOmCewA==}
    engines: {node: '>=14.0.0'}
    dependencies:
      '@aws-crypto/sha256-browser': 3.0.0
      '@aws-crypto/sha256-js': 3.0.0
      '@aws-sdk/credential-provider-node': 3.429.0
      '@aws-sdk/middleware-host-header': 3.429.0
      '@aws-sdk/middleware-logger': 3.428.0
      '@aws-sdk/middleware-recursion-detection': 3.428.0
      '@aws-sdk/middleware-sdk-sts': 3.428.0
      '@aws-sdk/middleware-signing': 3.428.0
      '@aws-sdk/middleware-user-agent': 3.428.0
      '@aws-sdk/region-config-resolver': 3.428.0
      '@aws-sdk/types': 3.428.0
      '@aws-sdk/util-endpoints': 3.428.0
      '@aws-sdk/util-user-agent-browser': 3.428.0
      '@aws-sdk/util-user-agent-node': 3.428.0
      '@smithy/config-resolver': 2.0.14
      '@smithy/fetch-http-handler': 2.2.3
      '@smithy/hash-node': 2.0.11
      '@smithy/invalid-dependency': 2.0.11
      '@smithy/middleware-content-length': 2.0.13
      '@smithy/middleware-endpoint': 2.1.2
      '@smithy/middleware-retry': 2.0.16
      '@smithy/middleware-serde': 2.0.11
      '@smithy/middleware-stack': 2.0.5
      '@smithy/node-config-provider': 2.1.1
      '@smithy/node-http-handler': 2.1.7
      '@smithy/protocol-http': 3.0.7
      '@smithy/smithy-client': 2.1.11
      '@smithy/types': 2.3.5
      '@smithy/url-parser': 2.0.11
      '@smithy/util-base64': 2.0.0
      '@smithy/util-body-length-browser': 2.0.0
      '@smithy/util-body-length-node': 2.1.0
      '@smithy/util-defaults-mode-browser': 2.0.15
      '@smithy/util-defaults-mode-node': 2.0.20
      '@smithy/util-retry': 2.0.4
      '@smithy/util-utf8': 2.0.0
      fast-xml-parser: 4.2.5
      tslib: 2.6.2
    transitivePeerDependencies:
      - aws-crt
    dev: false

  /@aws-sdk/credential-provider-env@3.428.0:
    resolution: {integrity: sha512-e6fbY174Idzw0r5ZMT1qkDh+dpOp1DX3ickhr7J6ipo3cUGLI45Y5lnR9nYXWfB5o/wiNv4zXgN+Y3ORJJHzyA==}
    engines: {node: '>=14.0.0'}
    dependencies:
      '@aws-sdk/types': 3.428.0
      '@smithy/property-provider': 2.0.12
      '@smithy/types': 2.3.5
      tslib: 2.6.2
    dev: false

  /@aws-sdk/credential-provider-ini@3.429.0:
    resolution: {integrity: sha512-rG1ecwU/8KojyXsx80tK/b+DDGqSbReakOm/db5fx2RzVnkAGdH9fvPNrhjjHZ1wGbPrUtXGmHGXP3eqnylazg==}
    engines: {node: '>=14.0.0'}
    dependencies:
      '@aws-sdk/credential-provider-env': 3.428.0
      '@aws-sdk/credential-provider-process': 3.428.0
      '@aws-sdk/credential-provider-sso': 3.429.0
      '@aws-sdk/credential-provider-web-identity': 3.428.0
      '@aws-sdk/types': 3.428.0
      '@smithy/credential-provider-imds': 2.0.16
      '@smithy/property-provider': 2.0.12
      '@smithy/shared-ini-file-loader': 2.2.0
      '@smithy/types': 2.3.5
      tslib: 2.6.2
    transitivePeerDependencies:
      - aws-crt
    dev: false

  /@aws-sdk/credential-provider-node@3.429.0:
    resolution: {integrity: sha512-XaXCIeF8UWAvqzXX/UaBQhICjyIjRksjuP0xMW+A23Nu4yPjYufuHL9AR4i6MVYEKP3inXHGAS7N0t35A8acOw==}
    engines: {node: '>=14.0.0'}
    dependencies:
      '@aws-sdk/credential-provider-env': 3.428.0
      '@aws-sdk/credential-provider-ini': 3.429.0
      '@aws-sdk/credential-provider-process': 3.428.0
      '@aws-sdk/credential-provider-sso': 3.429.0
      '@aws-sdk/credential-provider-web-identity': 3.428.0
      '@aws-sdk/types': 3.428.0
      '@smithy/credential-provider-imds': 2.0.16
      '@smithy/property-provider': 2.0.12
      '@smithy/shared-ini-file-loader': 2.2.0
      '@smithy/types': 2.3.5
      tslib: 2.6.2
    transitivePeerDependencies:
      - aws-crt
    dev: false

  /@aws-sdk/credential-provider-process@3.428.0:
    resolution: {integrity: sha512-UG2S2/4Wrskbkbgt9fBlnzwQ2hfTXvLJwUgGOluSOf6+mGCcoDku4zzc9EQdk1MwN5Us+ziyMrIMNY5sbdLg6g==}
    engines: {node: '>=14.0.0'}
    dependencies:
      '@aws-sdk/types': 3.428.0
      '@smithy/property-provider': 2.0.12
      '@smithy/shared-ini-file-loader': 2.2.0
      '@smithy/types': 2.3.5
      tslib: 2.6.2
    dev: false

  /@aws-sdk/credential-provider-sso@3.429.0:
    resolution: {integrity: sha512-Nx3/18ZxV/trGz3HAQD6eGxO5Goqx3U5YR+CJsWPBh+4Jwkoo+HC5cyxq6cJIcZ5n75Wc4kPt7Im4ffVjTaJIg==}
    engines: {node: '>=14.0.0'}
    dependencies:
      '@aws-sdk/client-sso': 3.429.0
      '@aws-sdk/token-providers': 3.429.0
      '@aws-sdk/types': 3.428.0
      '@smithy/property-provider': 2.0.12
      '@smithy/shared-ini-file-loader': 2.2.0
      '@smithy/types': 2.3.5
      tslib: 2.6.2
    transitivePeerDependencies:
      - aws-crt
    dev: false

  /@aws-sdk/credential-provider-web-identity@3.428.0:
    resolution: {integrity: sha512-ueuUPPlrJFvtDUVTGnClUGt1wxCbEiKArknah/w9cfcc/c1HtFd/M7x/z2Sm0gSItR45sVcK54qjzmhm29DMzg==}
    engines: {node: '>=14.0.0'}
    dependencies:
      '@aws-sdk/types': 3.428.0
      '@smithy/property-provider': 2.0.12
      '@smithy/types': 2.3.5
      tslib: 2.6.2
    dev: false

  /@aws-sdk/middleware-bucket-endpoint@3.428.0:
    resolution: {integrity: sha512-xZ/o6E7icVVTFlOLBKrIQJqFToL0KmWEGLFcaHhgCNz5gppEK2iGH9GondQotQPesiEyi46HwzM6GLNRylELww==}
    engines: {node: '>=14.0.0'}
    dependencies:
      '@aws-sdk/types': 3.428.0
      '@aws-sdk/util-arn-parser': 3.310.0
      '@smithy/node-config-provider': 2.1.1
      '@smithy/protocol-http': 3.0.7
      '@smithy/types': 2.3.5
      '@smithy/util-config-provider': 2.0.0
      tslib: 2.6.2
    dev: false

  /@aws-sdk/middleware-expect-continue@3.428.0:
    resolution: {integrity: sha512-d/vWUs9RD4fuO1oi7gJby6aEPb6XTf2+jCbrs/hUEYFMxQu7wwQx2c6BWAjfQca8zVadh7FY0cDNtL2Ep2d8zA==}
    engines: {node: '>=14.0.0'}
    dependencies:
      '@aws-sdk/types': 3.428.0
      '@smithy/protocol-http': 3.0.7
      '@smithy/types': 2.3.5
      tslib: 2.6.2
    dev: false

  /@aws-sdk/middleware-flexible-checksums@3.428.0:
    resolution: {integrity: sha512-O54XmBSvi9A6ZBRVSYrEvoGH1BjtR1TT8042gOdJgouI0OVWtjqHT2ZPVTbQ/rKW5QeLXszVloXFW6eqOwrVTg==}
    engines: {node: '>=14.0.0'}
    dependencies:
      '@aws-crypto/crc32': 3.0.0
      '@aws-crypto/crc32c': 3.0.0
      '@aws-sdk/types': 3.428.0
      '@smithy/is-array-buffer': 2.0.0
      '@smithy/protocol-http': 3.0.7
      '@smithy/types': 2.3.5
      '@smithy/util-utf8': 2.0.0
      tslib: 2.6.2
    dev: false

  /@aws-sdk/middleware-host-header@3.429.0:
    resolution: {integrity: sha512-3v9WoDCmbfH28znQ43cQLvLlm8fhJFIDJLW19moFI8QbXMv85yojGEphBMlT2XZUw79+tyh7GWLFaNugYZ1o9A==}
    engines: {node: '>=14.0.0'}
    dependencies:
      '@aws-sdk/types': 3.428.0
      '@smithy/protocol-http': 3.0.7
      '@smithy/types': 2.3.5
      tslib: 2.6.2
    dev: false

  /@aws-sdk/middleware-location-constraint@3.428.0:
    resolution: {integrity: sha512-2YvAhkdzMITTc2fVIH7FS5Hqa7AuoHBg92W0CzPOiKBkC0D6m5hw8o5Z5RnH/M9ki2eB4dn+7uB6p7Lgs+VFdw==}
    engines: {node: '>=14.0.0'}
    dependencies:
      '@aws-sdk/types': 3.428.0
      '@smithy/types': 2.3.5
      tslib: 2.6.2
    dev: false

  /@aws-sdk/middleware-logger@3.428.0:
    resolution: {integrity: sha512-1P0V0quL9u2amdNOn6yYT7/ToQUmkLJqCKHPxsRyDB829vBThWndvvH5MkoItj/VgE1zWqMtrzN3xtzD7zx6Qg==}
    engines: {node: '>=14.0.0'}
    dependencies:
      '@aws-sdk/types': 3.428.0
      '@smithy/types': 2.3.5
      tslib: 2.6.2
    dev: false

  /@aws-sdk/middleware-recursion-detection@3.428.0:
    resolution: {integrity: sha512-xC0OMduCByyRdiQz324RXy4kunnCG4LUJCfvdoegM33Elp9ex0D3fcfO1mUgV8qiLwSennIsSRVXHuhNxE2HZA==}
    engines: {node: '>=14.0.0'}
    dependencies:
      '@aws-sdk/types': 3.428.0
      '@smithy/protocol-http': 3.0.7
      '@smithy/types': 2.3.5
      tslib: 2.6.2
    dev: false

  /@aws-sdk/middleware-sdk-s3@3.429.0:
    resolution: {integrity: sha512-wCT5GoExncHUzUbW8b9q/PN3uPsbxit4PUAHw/hkrIHDKOxd9H/ClM37ZeJHNEOml5hnJOPy+rOaF9jRqo8dGg==}
    engines: {node: '>=14.0.0'}
    dependencies:
      '@aws-sdk/types': 3.428.0
      '@aws-sdk/util-arn-parser': 3.310.0
      '@smithy/protocol-http': 3.0.7
      '@smithy/smithy-client': 2.1.11
      '@smithy/types': 2.3.5
      tslib: 2.6.2
    dev: false

  /@aws-sdk/middleware-sdk-sts@3.428.0:
    resolution: {integrity: sha512-Uutl2niYXTnNP8v84v6umWDHD5no7d5/OqkZE1DsmeKR/dje90J5unJWf7MOsqvYm0JGDEWF4lk9xGVyqsw+Aw==}
    engines: {node: '>=14.0.0'}
    dependencies:
      '@aws-sdk/middleware-signing': 3.428.0
      '@aws-sdk/types': 3.428.0
      '@smithy/types': 2.3.5
      tslib: 2.6.2
    dev: false

  /@aws-sdk/middleware-signing@3.428.0:
    resolution: {integrity: sha512-oMSerTPwtsQAR7fIU/G0b0BA30wF+MC4gZSrJjbypF8MK8nPC2yMfKLR8+QavGOGEW7rUMQ0uklThMTTwQEXNQ==}
    engines: {node: '>=14.0.0'}
    dependencies:
      '@aws-sdk/types': 3.428.0
      '@smithy/property-provider': 2.0.12
      '@smithy/protocol-http': 3.0.7
      '@smithy/signature-v4': 2.0.5
      '@smithy/types': 2.3.5
      '@smithy/util-middleware': 2.0.4
      tslib: 2.6.2
    dev: false

  /@aws-sdk/middleware-ssec@3.428.0:
    resolution: {integrity: sha512-QPKisAErRHFoopmdFhgOmjZPcUM6rvWCtnoEY4Sw9F0aIyK6yCTn+nB5j+3FAPvUvblE22srM6aow8TcGx1gjA==}
    engines: {node: '>=14.0.0'}
    dependencies:
      '@aws-sdk/types': 3.428.0
      '@smithy/types': 2.3.5
      tslib: 2.6.2
    dev: false

  /@aws-sdk/middleware-user-agent@3.428.0:
    resolution: {integrity: sha512-+GAhObeHRick2D5jr3YkPckjcggt5v6uUVtEUQW2AdD65cE5PjIvmksv6FuM/mME/9nNA+wufQnHbLI8teLeaw==}
    engines: {node: '>=14.0.0'}
    dependencies:
      '@aws-sdk/types': 3.428.0
      '@aws-sdk/util-endpoints': 3.428.0
      '@smithy/protocol-http': 3.0.7
      '@smithy/types': 2.3.5
      tslib: 2.6.2
    dev: false

  /@aws-sdk/region-config-resolver@3.428.0:
    resolution: {integrity: sha512-VqyHZ/Hoz3WrXXMx8cAhFBl8IpjodbRsTjBI117QPq1YRCegxNdGvqmGZnJj8N2Ef9MP1iU30ZWQB+sviDcogA==}
    engines: {node: '>=14.0.0'}
    dependencies:
      '@smithy/node-config-provider': 2.1.1
      '@smithy/types': 2.3.5
      '@smithy/util-config-provider': 2.0.0
      '@smithy/util-middleware': 2.0.4
      tslib: 2.6.2
    dev: false

  /@aws-sdk/signature-v4-multi-region@3.428.0:
    resolution: {integrity: sha512-ImuontXK1vEHtxK+qiPVfLTk/+bKSwYqrVkE2/o5rnsqD78/wySzTn5RnkA73Nb+UL4qSd0dkOcuubEee2aUpQ==}
    engines: {node: '>=14.0.0'}
    dependencies:
      '@aws-sdk/types': 3.428.0
      '@smithy/protocol-http': 3.0.7
      '@smithy/signature-v4': 2.0.5
      '@smithy/types': 2.3.5
      tslib: 2.6.2
    dev: false

  /@aws-sdk/token-providers@3.429.0:
    resolution: {integrity: sha512-1Lp5XW/aSHekMURfcoxhWR2ig0UlesD0wC1kcdrkhZGCPtvCE0VzMqgTmYkwtPKOWfRQf0qfu468ohBHBmzHdA==}
    engines: {node: '>=14.0.0'}
    dependencies:
      '@aws-crypto/sha256-browser': 3.0.0
      '@aws-crypto/sha256-js': 3.0.0
      '@aws-sdk/middleware-host-header': 3.429.0
      '@aws-sdk/middleware-logger': 3.428.0
      '@aws-sdk/middleware-recursion-detection': 3.428.0
      '@aws-sdk/middleware-user-agent': 3.428.0
      '@aws-sdk/types': 3.428.0
      '@aws-sdk/util-endpoints': 3.428.0
      '@aws-sdk/util-user-agent-browser': 3.428.0
      '@aws-sdk/util-user-agent-node': 3.428.0
      '@smithy/config-resolver': 2.0.14
      '@smithy/fetch-http-handler': 2.2.3
      '@smithy/hash-node': 2.0.11
      '@smithy/invalid-dependency': 2.0.11
      '@smithy/middleware-content-length': 2.0.13
      '@smithy/middleware-endpoint': 2.1.2
      '@smithy/middleware-retry': 2.0.16
      '@smithy/middleware-serde': 2.0.11
      '@smithy/middleware-stack': 2.0.5
      '@smithy/node-config-provider': 2.1.1
      '@smithy/node-http-handler': 2.1.7
      '@smithy/property-provider': 2.0.12
      '@smithy/protocol-http': 3.0.7
      '@smithy/shared-ini-file-loader': 2.2.0
      '@smithy/smithy-client': 2.1.11
      '@smithy/types': 2.3.5
      '@smithy/url-parser': 2.0.11
      '@smithy/util-base64': 2.0.0
      '@smithy/util-body-length-browser': 2.0.0
      '@smithy/util-body-length-node': 2.1.0
      '@smithy/util-defaults-mode-browser': 2.0.15
      '@smithy/util-defaults-mode-node': 2.0.20
      '@smithy/util-retry': 2.0.4
      '@smithy/util-utf8': 2.0.0
      tslib: 2.6.2
    transitivePeerDependencies:
      - aws-crt
    dev: false

  /@aws-sdk/types@3.428.0:
    resolution: {integrity: sha512-4T0Ps2spjg3qbWE6ZK13Vd3FnzpfliaiotqjxUK5YhjDrKXeT36HJp46JhDupElQuHtTkpdiJOSYk2lvY2H4IA==}
    engines: {node: '>=14.0.0'}
    dependencies:
      '@smithy/types': 2.3.5
      tslib: 2.6.2
    dev: false

  /@aws-sdk/util-arn-parser@3.310.0:
    resolution: {integrity: sha512-jL8509owp/xB9+Or0pvn3Fe+b94qfklc2yPowZZIFAkFcCSIdkIglz18cPDWnYAcy9JGewpMS1COXKIUhZkJsA==}
    engines: {node: '>=14.0.0'}
    dependencies:
      tslib: 2.6.2
    dev: false

  /@aws-sdk/util-endpoints@3.428.0:
    resolution: {integrity: sha512-ToKMhYlUWJ0YrbggpJLZeyZZNDXtQ4NITxqo/oeGltTT9KG4o/LqVY59EveV0f8P32ObDyj9Vh1mnjxeo3DxGw==}
    engines: {node: '>=14.0.0'}
    dependencies:
      '@aws-sdk/types': 3.428.0
      tslib: 2.6.2
    dev: false

  /@aws-sdk/util-locate-window@3.310.0:
    resolution: {integrity: sha512-qo2t/vBTnoXpjKxlsC2e1gBrRm80M3bId27r0BRB2VniSSe7bL1mmzM+/HFtujm0iAxtPM+aLEflLJlJeDPg0w==}
    engines: {node: '>=14.0.0'}
    dependencies:
      tslib: 2.6.2
    dev: false

  /@aws-sdk/util-user-agent-browser@3.428.0:
    resolution: {integrity: sha512-qlc2UoGsmCpuh1ErY3VayZuAGl74TWWcLmhhQMkeByFSb6KooBlwOmDpDzJRtgwJoe0KXnyHBO6lzl9iczcozg==}
    dependencies:
      '@aws-sdk/types': 3.428.0
      '@smithy/types': 2.3.5
      bowser: 2.11.0
      tslib: 2.6.2
    dev: false

  /@aws-sdk/util-user-agent-node@3.428.0:
    resolution: {integrity: sha512-s721C3H8TkNd0usWLPEAy7yW2lEglR8QAYojdQGzE0e0wymc671nZAFePSZFRtmqZiFOSfk0R602L5fDbP3a8Q==}
    engines: {node: '>=14.0.0'}
    peerDependencies:
      aws-crt: '>=1.0.0'
    peerDependenciesMeta:
      aws-crt:
        optional: true
    dependencies:
      '@aws-sdk/types': 3.428.0
      '@smithy/node-config-provider': 2.1.1
      '@smithy/types': 2.3.5
      tslib: 2.6.2
    dev: false

  /@aws-sdk/util-utf8-browser@3.259.0:
    resolution: {integrity: sha512-UvFa/vR+e19XookZF8RzFZBrw2EUkQWxiBW0yYQAhvk3C+QVGl0H3ouca8LDBlBfQKXwmW3huo/59H8rwb1wJw==}
    dependencies:
      tslib: 2.6.2
    dev: false

  /@aws-sdk/xml-builder@3.310.0:
    resolution: {integrity: sha512-TqELu4mOuSIKQCqj63fGVs86Yh+vBx5nHRpWKNUNhB2nPTpfbziTs5c1X358be3peVWA4wPxW7Nt53KIg1tnNw==}
    engines: {node: '>=14.0.0'}
    dependencies:
      tslib: 2.6.2
    dev: false

  /@smithy/abort-controller@2.0.11:
    resolution: {integrity: sha512-MSzE1qR2JNyb7ot3blIOT3O3H0Jn06iNDEgHRaqZUwBgx5EG+VIx24Y21tlKofzYryIOcWpIohLrIIyocD6LMA==}
    engines: {node: '>=14.0.0'}
    dependencies:
      '@smithy/types': 2.3.5
      tslib: 2.6.2
    dev: false

  /@smithy/chunked-blob-reader-native@2.0.0:
    resolution: {integrity: sha512-HM8V2Rp1y8+1343tkZUKZllFhEQPNmpNdgFAncbTsxkZ18/gqjk23XXv3qGyXWp412f3o43ZZ1UZHVcHrpRnCQ==}
    dependencies:
      '@smithy/util-base64': 2.0.0
      tslib: 2.6.2
    dev: false

  /@smithy/chunked-blob-reader@2.0.0:
    resolution: {integrity: sha512-k+J4GHJsMSAIQPChGBrjEmGS+WbPonCXesoqP9fynIqjn7rdOThdH8FAeCmokP9mxTYKQAKoHCLPzNlm6gh7Wg==}
    dependencies:
      tslib: 2.6.2
    dev: false

  /@smithy/config-resolver@2.0.14:
    resolution: {integrity: sha512-K1K+FuWQoy8j/G7lAmK85o03O89s2Vvh6kMFmzEmiHUoQCRH1rzbDtMnGNiaMHeSeYJ6y79IyTusdRG+LuWwtg==}
    engines: {node: '>=14.0.0'}
    dependencies:
      '@smithy/node-config-provider': 2.1.1
      '@smithy/types': 2.3.5
      '@smithy/util-config-provider': 2.0.0
      '@smithy/util-middleware': 2.0.4
      tslib: 2.6.2
    dev: false

  /@smithy/config-resolver@2.0.15:
    resolution: {integrity: sha512-a2Pfocla5nSrG2RyB8i20jcWgMyR71TUeFKm8pmrnZotr/X22tlg4y/EhSvBK2oTE8MKHlKh4YdpDO2AryJbGQ==}
    engines: {node: '>=14.0.0'}
    dependencies:
      '@smithy/node-config-provider': 2.1.2
      '@smithy/types': 2.3.5
      '@smithy/util-config-provider': 2.0.0
      '@smithy/util-middleware': 2.0.4
      tslib: 2.6.2
    dev: false

  /@smithy/credential-provider-imds@2.0.16:
    resolution: {integrity: sha512-tKa2xF+69TvGxJT+lnJpGrKxUuAZDLYXFhqnPEgnHz+psTpkpcB4QRjHj63+uj83KaeFJdTfW201eLZeRn6FfA==}
    engines: {node: '>=14.0.0'}
    dependencies:
      '@smithy/node-config-provider': 2.1.1
      '@smithy/property-provider': 2.0.12
      '@smithy/types': 2.3.5
      '@smithy/url-parser': 2.0.11
      tslib: 2.6.2
    dev: false

  /@smithy/credential-provider-imds@2.0.17:
    resolution: {integrity: sha512-2XcD414yrwbxxuYueTo7tzLC2/w3jj9FZqfenpv3MQkocdOEmuOVS0v9WHsY/nW6V+2EcR340rj/z5HnvsHncQ==}
    engines: {node: '>=14.0.0'}
    dependencies:
      '@smithy/node-config-provider': 2.1.2
      '@smithy/property-provider': 2.0.12
      '@smithy/types': 2.3.5
      '@smithy/url-parser': 2.0.11
      tslib: 2.6.2
    dev: false

  /@smithy/eventstream-codec@2.0.11:
    resolution: {integrity: sha512-BQCTjxhCYRZIfXapa2LmZSaH8QUBGwMZw7XRN83hrdixbLjIcj+o549zjkedFS07Ve2TlvWUI6BTzP+nv7snBA==}
    dependencies:
      '@aws-crypto/crc32': 3.0.0
      '@smithy/types': 2.3.5
      '@smithy/util-hex-encoding': 2.0.0
      tslib: 2.6.2
    dev: false

  /@smithy/eventstream-serde-browser@2.0.11:
    resolution: {integrity: sha512-p9IK4uvwT6B3pT1VGlODvcVBfPVikjBFHAcKpvvNF+7lAEI+YiC6d0SROPkpjnvCgVBYyGXa3ciqrWnFze6mwQ==}
    engines: {node: '>=14.0.0'}
    dependencies:
      '@smithy/eventstream-serde-universal': 2.0.11
      '@smithy/types': 2.3.5
      tslib: 2.6.2
    dev: false

  /@smithy/eventstream-serde-config-resolver@2.0.11:
    resolution: {integrity: sha512-vN32E8yExo0Z8L7kXhlU9KRURrhqOpPdLxQMp3MwfMThrjiqbr1Sk5srUXc1ed2Ygl/l0TEN9vwNG0bQHg6AjQ==}
    engines: {node: '>=14.0.0'}
    dependencies:
      '@smithy/types': 2.3.5
      tslib: 2.6.2
    dev: false

  /@smithy/eventstream-serde-node@2.0.11:
    resolution: {integrity: sha512-Gjqbpg7UmD+YzkpgNShNcDNZcUpBWIkvX2XCGptz5PoxJU/UQbuF9eSc93ZlIb7j4aGjtFfqk23HUMW8Hopg2Q==}
    engines: {node: '>=14.0.0'}
    dependencies:
      '@smithy/eventstream-serde-universal': 2.0.11
      '@smithy/types': 2.3.5
      tslib: 2.6.2
    dev: false

  /@smithy/eventstream-serde-universal@2.0.11:
    resolution: {integrity: sha512-F8FsxLTbFN4+Esgpo+nNKcEajrgRZJ+pG9c8+MhLM4Odp5ejLHw2GMCXd81cGsgmfcbnzdDEXazPPVzOwj89MQ==}
    engines: {node: '>=14.0.0'}
    dependencies:
      '@smithy/eventstream-codec': 2.0.11
      '@smithy/types': 2.3.5
      tslib: 2.6.2
    dev: false

  /@smithy/fetch-http-handler@2.2.3:
    resolution: {integrity: sha512-0G9sePU+0R+8d7cie+OXzNbbkjnD4RfBlVCs46ZEuQAMcxK8OniemYXSSkOc80CCk8Il4DnlYZcUSvsIs2OB2w==}
    dependencies:
      '@smithy/protocol-http': 3.0.7
      '@smithy/querystring-builder': 2.0.11
      '@smithy/types': 2.3.5
      '@smithy/util-base64': 2.0.0
      tslib: 2.6.2
    dev: false

  /@smithy/hash-blob-browser@2.0.11:
    resolution: {integrity: sha512-/6vq/NiH2EN3mWdwcLdjVohP+VCng+ZA1GnlUdx959egsfgIlLWQvCyjnB2ze9Hr6VHV5XEFLLpLQH2dHA6Sgw==}
    dependencies:
      '@smithy/chunked-blob-reader': 2.0.0
      '@smithy/chunked-blob-reader-native': 2.0.0
      '@smithy/types': 2.3.5
      tslib: 2.6.2
    dev: false

  /@smithy/hash-node@2.0.11:
    resolution: {integrity: sha512-PbleVugN2tbhl1ZoNWVrZ1oTFFas/Hq+s6zGO8B9bv4w/StTriTKA9W+xZJACOj9X7zwfoTLbscM+avCB1KqOQ==}
    engines: {node: '>=14.0.0'}
    dependencies:
      '@smithy/types': 2.3.5
      '@smithy/util-buffer-from': 2.0.0
      '@smithy/util-utf8': 2.0.0
      tslib: 2.6.2
    dev: false

  /@smithy/hash-stream-node@2.0.11:
    resolution: {integrity: sha512-Jn2yl+Dn0kvwKvSavvR1/BFVYa2wIkaJKWeTH48kno89gqHAJxMh1hrtBN6SJ7F8VhodNZTiNOlQVqCSfLheNQ==}
    engines: {node: '>=14.0.0'}
    dependencies:
      '@smithy/types': 2.3.5
      '@smithy/util-utf8': 2.0.0
      tslib: 2.6.2
    dev: false

  /@smithy/invalid-dependency@2.0.11:
    resolution: {integrity: sha512-zazq99ujxYv/NOf9zh7xXbNgzoVLsqE0wle8P/1zU/XdhPi/0zohTPKWUzIxjGdqb5hkkwfBkNkl5H+LE0mvgw==}
    dependencies:
      '@smithy/types': 2.3.5
      tslib: 2.6.2
    dev: false

  /@smithy/is-array-buffer@2.0.0:
    resolution: {integrity: sha512-z3PjFjMyZNI98JFRJi/U0nGoLWMSJlDjAW4QUX2WNZLas5C0CmVV6LJ01JI0k90l7FvpmixjWxPFmENSClQ7ug==}
    engines: {node: '>=14.0.0'}
    dependencies:
      tslib: 2.6.2
    dev: false

  /@smithy/md5-js@2.0.11:
    resolution: {integrity: sha512-YBIv+e95qeGvQA05ucwstmTeQ/bUzWgU+nO2Ffmif5awu6IzSR0Jfk3XLYh4mdy7f8DCgsn8qA63u7N9Lu0+5A==}
    dependencies:
      '@smithy/types': 2.3.5
      '@smithy/util-utf8': 2.0.0
      tslib: 2.6.2
    dev: false

  /@smithy/middleware-content-length@2.0.13:
    resolution: {integrity: sha512-Md2kxWpaec3bXp1oERFPQPBhOXCkGSAF7uc1E+4rkwjgw3/tqAXRtbjbggu67HJdwaif76As8AV6XxbD1HzqTQ==}
    engines: {node: '>=14.0.0'}
    dependencies:
      '@smithy/protocol-http': 3.0.7
      '@smithy/types': 2.3.5
      tslib: 2.6.2
    dev: false

  /@smithy/middleware-endpoint@2.1.2:
    resolution: {integrity: sha512-dua4r2EbSTRzNefz72snz+KDuXN73RCe1K+rGeemzUyYemxuh1jujFbLQbTU6DVlTgHkhtrbH0+kdOFY/SV4Qg==}
    engines: {node: '>=14.0.0'}
    dependencies:
      '@smithy/middleware-serde': 2.0.11
      '@smithy/node-config-provider': 2.1.2
      '@smithy/shared-ini-file-loader': 2.2.1
      '@smithy/types': 2.3.5
      '@smithy/url-parser': 2.0.11
      '@smithy/util-middleware': 2.0.4
      tslib: 2.6.2
    dev: false

  /@smithy/middleware-retry@2.0.16:
    resolution: {integrity: sha512-Br5+0yoiMS0ugiOAfJxregzMMGIRCbX4PYo1kDHtLgvkA/d++aHbnHB819m5zOIAMPvPE7AThZgcsoK+WOsUTA==}
    engines: {node: '>=14.0.0'}
    dependencies:
      '@smithy/node-config-provider': 2.1.1
      '@smithy/protocol-http': 3.0.7
      '@smithy/service-error-classification': 2.0.4
      '@smithy/types': 2.3.5
      '@smithy/util-middleware': 2.0.4
      '@smithy/util-retry': 2.0.4
      tslib: 2.6.2
      uuid: 8.3.2
    dev: false

  /@smithy/middleware-serde@2.0.11:
    resolution: {integrity: sha512-NuxnjMyf4zQqhwwdh0OTj5RqpnuT6HcH5Xg5GrPijPcKzc2REXVEVK4Yyk8ckj8ez1XSj/bCmJ+oNjmqB02GWA==}
    engines: {node: '>=14.0.0'}
    dependencies:
      '@smithy/types': 2.3.5
      tslib: 2.6.2
    dev: false

  /@smithy/middleware-stack@2.0.5:
    resolution: {integrity: sha512-bVQU/rZzBY7CbSxIrDTGZYnBWKtIw+PL/cRc9B7etZk1IKSOe0NvKMJyWllfhfhrTeMF6eleCzOihIQympAvPw==}
    engines: {node: '>=14.0.0'}
    dependencies:
      '@smithy/types': 2.3.5
      tslib: 2.6.2
    dev: false

  /@smithy/node-config-provider@2.1.1:
    resolution: {integrity: sha512-1lF6s1YWBi1LBu2O30tD3jyTgMtuvk/Z1twzXM4GPYe4dmZix4nNREPJIPOcfFikNU2o0eTYP80+izx5F2jIJA==}
    engines: {node: '>=14.0.0'}
    dependencies:
      '@smithy/property-provider': 2.0.12
      '@smithy/shared-ini-file-loader': 2.2.0
      '@smithy/types': 2.3.5
      tslib: 2.6.2
    dev: false

  /@smithy/node-config-provider@2.1.2:
    resolution: {integrity: sha512-tbYh/JK/ddxKWYTtjLgap0juyivJ0wCvywMqINb54zyOVHoKYM6iYl7DosQA0owFaNp6GAx1lXFjqGz7L2fAqA==}
    engines: {node: '>=14.0.0'}
    dependencies:
      '@smithy/property-provider': 2.0.12
      '@smithy/shared-ini-file-loader': 2.2.1
      '@smithy/types': 2.3.5
      tslib: 2.6.2
    dev: false

  /@smithy/node-http-handler@2.1.7:
    resolution: {integrity: sha512-PQIKZXlp3awCDn/xNlCSTFE7aYG/5Tx33M05NfQmWYeB5yV1GZZOSz4dXpwiNJYTXb9jPqjl+ueXXkwtEluFFA==}
    engines: {node: '>=14.0.0'}
    dependencies:
      '@smithy/abort-controller': 2.0.11
      '@smithy/protocol-http': 3.0.7
      '@smithy/querystring-builder': 2.0.11
      '@smithy/types': 2.3.5
      tslib: 2.6.2
    dev: false

  /@smithy/property-provider@2.0.12:
    resolution: {integrity: sha512-Un/OvvuQ1Kg8WYtoMCicfsFFuHb/TKL3pCA6ZIo/WvNTJTR94RtoRnL7mY4XkkUAoFMyf6KjcQJ76y1FX7S5rw==}
    engines: {node: '>=14.0.0'}
    dependencies:
      '@smithy/types': 2.3.5
      tslib: 2.6.2
    dev: false

  /@smithy/protocol-http@3.0.7:
    resolution: {integrity: sha512-HnZW8y+r66ntYueCDbLqKwWcMNWW8o3eVpSrHNluwtBJ/EUWfQHRKSiu6vZZtc6PGfPQWgVfucoCE/C3QufMAA==}
    engines: {node: '>=14.0.0'}
    dependencies:
      '@smithy/types': 2.3.5
      tslib: 2.6.2
    dev: false

  /@smithy/querystring-builder@2.0.11:
    resolution: {integrity: sha512-b4kEbVMxpmfv2VWUITn2otckTi7GlMteZQxi+jlwedoATOGEyrCJPfRcYQJjbCi3fZ2QTfh3PcORvB27+j38Yg==}
    engines: {node: '>=14.0.0'}
    dependencies:
      '@smithy/types': 2.3.5
      '@smithy/util-uri-escape': 2.0.0
      tslib: 2.6.2
    dev: false

  /@smithy/querystring-parser@2.0.11:
    resolution: {integrity: sha512-YXe7jhi7s3dQ0Fu9dLoY/gLu6NCyy8tBWJL/v2c9i7/RLpHgKT+uT96/OqZkHizCJ4kr0ZD46tzMjql/o60KLg==}
    engines: {node: '>=14.0.0'}
    dependencies:
      '@smithy/types': 2.3.5
      tslib: 2.6.2
    dev: false

  /@smithy/service-error-classification@2.0.4:
    resolution: {integrity: sha512-77506l12I5gxTZqBkx3Wb0RqMG81bMYLaVQ+EqIWFwQDJRs5UFeXogKxSKojCmz1wLUziHZQXm03MBzPQiumQw==}
    engines: {node: '>=14.0.0'}
    dependencies:
      '@smithy/types': 2.3.5
    dev: false

  /@smithy/shared-ini-file-loader@2.2.0:
    resolution: {integrity: sha512-xFXqs4vAb5BdkzHSRrTapFoaqS4/3m/CGZzdw46fBjYZ0paYuLAoMY60ICCn1FfGirG+PiJ3eWcqJNe4/SkfyA==}
    engines: {node: '>=14.0.0'}
    dependencies:
      '@smithy/types': 2.3.5
      tslib: 2.6.2
    dev: false

  /@smithy/shared-ini-file-loader@2.2.1:
    resolution: {integrity: sha512-eAYajwo2eTTVU5KPX90+V6ccfrWphrzcUwOt7n9pLOMBO0fOKlRVshbvCBqfRCxEn7OYDGH6TsL3yrx+hAjddA==}
    engines: {node: '>=14.0.0'}
    dependencies:
      '@smithy/types': 2.3.5
      tslib: 2.6.2
    dev: false

  /@smithy/signature-v4@2.0.5:
    resolution: {integrity: sha512-ABIzXmUDXK4n2c9cXjQLELgH2RdtABpYKT+U131e2I6RbCypFZmxIHmIBufJzU2kdMCQ3+thBGDWorAITFW04A==}
    engines: {node: '>=14.0.0'}
    dependencies:
      '@smithy/eventstream-codec': 2.0.11
      '@smithy/is-array-buffer': 2.0.0
      '@smithy/types': 2.3.5
      '@smithy/util-hex-encoding': 2.0.0
      '@smithy/util-middleware': 2.0.4
      '@smithy/util-uri-escape': 2.0.0
      '@smithy/util-utf8': 2.0.0
      tslib: 2.6.2
    dev: false

  /@smithy/smithy-client@2.1.11:
    resolution: {integrity: sha512-okjMbuBBCTiieK665OFN/ap6u9+Z9z55PMphS5FYCsS6Zfp137Q3qlnt0OgBAnUVnH/mNGyoJV0LBX9gkTWptg==}
    engines: {node: '>=14.0.0'}
    dependencies:
      '@smithy/middleware-stack': 2.0.5
      '@smithy/types': 2.3.5
      '@smithy/util-stream': 2.0.16
      tslib: 2.6.2
    dev: false

  /@smithy/types@2.3.5:
    resolution: {integrity: sha512-ehyDt8M9hehyxrLQGoA1BGPou8Js1Ocoh5M0ngDhJMqbFmNK5N6Xhr9/ZExWkyIW8XcGkiMPq3ZUEE0ScrhbuQ==}
    engines: {node: '>=14.0.0'}
    dependencies:
      tslib: 2.6.2
    dev: false

  /@smithy/url-parser@2.0.11:
    resolution: {integrity: sha512-h89yXMCCF+S5k9XIoKltMIWTYj+FcEkU/IIFZ6RtE222fskOTL4Iak6ZRG+ehSvZDt8yKEcxqheTDq7JvvtK3g==}
    dependencies:
      '@smithy/querystring-parser': 2.0.11
      '@smithy/types': 2.3.5
      tslib: 2.6.2
    dev: false

  /@smithy/util-base64@2.0.0:
    resolution: {integrity: sha512-Zb1E4xx+m5Lud8bbeYi5FkcMJMnn+1WUnJF3qD7rAdXpaL7UjkFQLdmW5fHadoKbdHpwH9vSR8EyTJFHJs++tA==}
    engines: {node: '>=14.0.0'}
    dependencies:
      '@smithy/util-buffer-from': 2.0.0
      tslib: 2.6.2
    dev: false

  /@smithy/util-body-length-browser@2.0.0:
    resolution: {integrity: sha512-JdDuS4ircJt+FDnaQj88TzZY3+njZ6O+D3uakS32f2VNnDo3vyEuNdBOh/oFd8Df1zSZOuH1HEChk2AOYDezZg==}
    dependencies:
      tslib: 2.6.2
    dev: false

  /@smithy/util-body-length-node@2.1.0:
    resolution: {integrity: sha512-/li0/kj/y3fQ3vyzn36NTLGmUwAICb7Jbe/CsWCktW363gh1MOcpEcSO3mJ344Gv2dqz8YJCLQpb6hju/0qOWw==}
    engines: {node: '>=14.0.0'}
    dependencies:
      tslib: 2.6.2
    dev: false

  /@smithy/util-buffer-from@2.0.0:
    resolution: {integrity: sha512-/YNnLoHsR+4W4Vf2wL5lGv0ksg8Bmk3GEGxn2vEQt52AQaPSCuaO5PM5VM7lP1K9qHRKHwrPGktqVoAHKWHxzw==}
    engines: {node: '>=14.0.0'}
    dependencies:
      '@smithy/is-array-buffer': 2.0.0
      tslib: 2.6.2
    dev: false

  /@smithy/util-config-provider@2.0.0:
    resolution: {integrity: sha512-xCQ6UapcIWKxXHEU4Mcs2s7LcFQRiU3XEluM2WcCjjBtQkUN71Tb+ydGmJFPxMUrW/GWMgQEEGipLym4XG0jZg==}
    engines: {node: '>=14.0.0'}
    dependencies:
      tslib: 2.6.2
    dev: false

  /@smithy/util-defaults-mode-browser@2.0.15:
    resolution: {integrity: sha512-2raMZOYKSuke7QlDg/HDcxQdrp0zteJ8z+S0B9Rn23J55ZFNK1+IjG4HkN6vo/0u3Xy/JOdJ93ibiBSB8F7kOw==}
    engines: {node: '>= 10.0.0'}
    dependencies:
      '@smithy/property-provider': 2.0.12
      '@smithy/smithy-client': 2.1.11
      '@smithy/types': 2.3.5
      bowser: 2.11.0
      tslib: 2.6.2
    dev: false

  /@smithy/util-defaults-mode-node@2.0.20:
    resolution: {integrity: sha512-kJjcZ/Lzvs3sPDKBwlhZsFFcgPNIpB3CMb6/saCakawRzo0E+JkyS3ZZRjVR3ce29yHtwoP/0YLKC1PeH0Dffg==}
    engines: {node: '>= 10.0.0'}
    dependencies:
      '@smithy/config-resolver': 2.0.15
      '@smithy/credential-provider-imds': 2.0.17
      '@smithy/node-config-provider': 2.1.2
      '@smithy/property-provider': 2.0.12
      '@smithy/smithy-client': 2.1.11
      '@smithy/types': 2.3.5
      tslib: 2.6.2
    dev: false

  /@smithy/util-hex-encoding@2.0.0:
    resolution: {integrity: sha512-c5xY+NUnFqG6d7HFh1IFfrm3mGl29lC+vF+geHv4ToiuJCBmIfzx6IeHLg+OgRdPFKDXIw6pvi+p3CsscaMcMA==}
    engines: {node: '>=14.0.0'}
    dependencies:
      tslib: 2.6.2
    dev: false

  /@smithy/util-middleware@2.0.4:
    resolution: {integrity: sha512-Pbu6P4MBwRcjrLgdTR1O4Y3c0sTZn2JdOiJNcgL7EcIStcQodj+6ZTXtbyU/WTEU3MV2NMA10LxFc3AWHZ3+4A==}
    engines: {node: '>=14.0.0'}
    dependencies:
      '@smithy/types': 2.3.5
      tslib: 2.6.2
    dev: false

  /@smithy/util-retry@2.0.4:
    resolution: {integrity: sha512-b+n1jBBKc77C1E/zfBe1Zo7S9OXGBiGn55N0apfhZHxPUP/fMH5AhFUUcWaJh7NAnah284M5lGkBKuhnr3yK5w==}
    engines: {node: '>= 14.0.0'}
    dependencies:
      '@smithy/service-error-classification': 2.0.4
      '@smithy/types': 2.3.5
      tslib: 2.6.2
    dev: false

  /@smithy/util-stream@2.0.16:
    resolution: {integrity: sha512-b5ZSRh1KzUzC7LoJcpfk7+iXGoRr3WylEfmPd4FnBLm90OwxSB9VgK1fDZwicfYxSEvWHdYXgvvjPtenEYBBhw==}
    engines: {node: '>=14.0.0'}
    dependencies:
      '@smithy/fetch-http-handler': 2.2.3
      '@smithy/node-http-handler': 2.1.7
      '@smithy/types': 2.3.5
      '@smithy/util-base64': 2.0.0
      '@smithy/util-buffer-from': 2.0.0
      '@smithy/util-hex-encoding': 2.0.0
      '@smithy/util-utf8': 2.0.0
      tslib: 2.6.2
    dev: false

  /@smithy/util-uri-escape@2.0.0:
    resolution: {integrity: sha512-ebkxsqinSdEooQduuk9CbKcI+wheijxEb3utGXkCoYQkJnwTnLbH1JXGimJtUkQwNQbsbuYwG2+aFVyZf5TLaw==}
    engines: {node: '>=14.0.0'}
    dependencies:
      tslib: 2.6.2
    dev: false

  /@smithy/util-utf8@2.0.0:
    resolution: {integrity: sha512-rctU1VkziY84n5OXe3bPNpKR001ZCME2JCaBBFgtiM2hfKbHFudc/BkMuPab8hRbLd0j3vbnBTTZ1igBf0wgiQ==}
    engines: {node: '>=14.0.0'}
    dependencies:
      '@smithy/util-buffer-from': 2.0.0
      tslib: 2.6.2
    dev: false

  /@smithy/util-waiter@2.0.11:
    resolution: {integrity: sha512-8SJWUl9O1YhjC77EccgltI3q4XZQp3vp9DGEW6o0OdkUcwqm/H4qOLnMkA2n+NDojuM5Iia2jWoCdbluIiG7TA==}
    engines: {node: '>=14.0.0'}
    dependencies:
      '@smithy/abort-controller': 2.0.11
      '@smithy/types': 2.3.5
      tslib: 2.6.2
    dev: false

  /@types/node@20.8.4:
    resolution: {integrity: sha512-ZVPnqU58giiCjSxjVUESDtdPk4QR5WQhhINbc9UBrKLU68MX5BF6kbQzTrkwbolyr0X8ChBpXfavr5mZFKZQ5A==}
    dependencies:
      undici-types: 5.25.3
    dev: true

  /asynckit@0.4.0:
    resolution: {integrity: sha512-Oei9OH4tRh0YqU3GxhX79dM/mwVgvbZJaSNaRk+bshkj0S5cfHcgYakreBjrHwatXKbz+IoIdYLxrKim2MjW0Q==}
    dev: false

  /axios@1.5.1:
    resolution: {integrity: sha512-Q28iYCWzNHjAm+yEAot5QaAMxhMghWLFVf7rRdwhUI+c2jix2DUXjAHXVi+s1ibs3mjPO/cCgbA++3BjD0vP/A==}
    dependencies:
      follow-redirects: 1.15.2
      form-data: 4.0.0
      proxy-from-env: 1.1.0
    transitivePeerDependencies:
      - debug
    dev: false

  /bowser@2.11.0:
    resolution: {integrity: sha512-AlcaJBi/pqqJBIQ8U9Mcpc9i8Aqxn88Skv5d+xBX006BY5u8N3mGLHa5Lgppa7L/HfwgwLgZ6NYs+Ag6uUmJRA==}
    dev: false

  /combined-stream@1.0.8:
    resolution: {integrity: sha512-FQN4MRfuJeHf7cBbBMJFXhKSDq+2kAArBlmRBvcvFE5BB1HZKXtSFASDhdlz9zOYwxh8lDdnvmMOe/+5cdoEdg==}
    engines: {node: '>= 0.8'}
    dependencies:
      delayed-stream: 1.0.0
    dev: false

  /delayed-stream@1.0.0:
    resolution: {integrity: sha512-ZySD7Nf91aLB0RxL4KGrKHBXl7Eds1DAmEdcoVawXnLD7SDhpNgtuII2aAkg7a7QS41jxPSZ17p4VdGnMHk3MQ==}
    engines: {node: '>=0.4.0'}
    dev: false

  /dotenv@16.3.1:
    resolution: {integrity: sha512-IPzF4w4/Rd94bA9imS68tZBaYyBWSCE47V1RGuMrB94iyTOIEwRmVL2x/4An+6mETpLrKJ5hQkB8W4kFAadeIQ==}
    engines: {node: '>=12'}
    dev: true

  /entities@2.2.0:
    resolution: {integrity: sha512-p92if5Nz619I0w+akJrLZH0MX0Pb5DX39XOwQTtXSdQQOaYH03S1uIQp4mhOZtAXrxq4ViO67YTiLBo2638o9A==}
    dev: false

  /fast-xml-parser@4.2.5:
    resolution: {integrity: sha512-B9/wizE4WngqQftFPmdaMYlXoJlJOYxGQOanC77fq9k8+Z0v5dDSVh+3glErdIROP//s/jgb7ZuxKfB8nVyo0g==}
    hasBin: true
    dependencies:
      strnum: 1.0.5
    dev: false

  /follow-redirects@1.15.2:
    resolution: {integrity: sha512-VQLG33o04KaQ8uYi2tVNbdrWp1QWxNNea+nmIB4EVM28v0hmP17z7aG1+wAkNzVq4KeXTq3221ye5qTJP91JwA==}
    engines: {node: '>=4.0'}
    peerDependencies:
      debug: '*'
    peerDependenciesMeta:
      debug:
        optional: true
    dev: false

  /form-data@4.0.0:
    resolution: {integrity: sha512-ETEklSGi5t0QMZuiXoA/Q6vcnxcLQP5vdugSpuAyi6SVGi2clPPp+xgEhuMaHC+zGgn31Kd235W35f7Hykkaww==}
    engines: {node: '>= 6'}
    dependencies:
      asynckit: 0.4.0
      combined-stream: 1.0.8
      mime-types: 2.1.35
    dev: false

  /mime-db@1.52.0:
    resolution: {integrity: sha512-sPU4uV7dYlvtWJxwwxHD0PuihVNiE7TyAbQ5SWxDCB9mUYvOgroQOwYQQOKPJ8CIbE+1ETVlOoK1UC2nU3gYvg==}
    engines: {node: '>= 0.6'}
    dev: false

  /mime-types@2.1.35:
    resolution: {integrity: sha512-ZDY+bPm5zTTF+YpCrAU9nK0UgICYPT0QtT1NZWFv4s++TNkcgVaT0g6+4R2uI4MjQjzysHB1zxuWL50hzaeXiw==}
    engines: {node: '>= 0.6'}
    dependencies:
      mime-db: 1.52.0
    dev: false

  /proxy-from-env@1.1.0:
    resolution: {integrity: sha512-D+zkORCbA9f1tdWRK0RaCR3GPv50cMxcrz4X8k5LTSUD1Dkw47mKJEZQNunItRTkWwgtaUSo1RVFRIG9ZXiFYg==}
    dev: false

  /rss-parser@3.13.0:
    resolution: {integrity: sha512-7jWUBV5yGN3rqMMj7CZufl/291QAhvrrGpDNE4k/02ZchL0npisiYYqULF71jCEKoIiHvK/Q2e6IkDwPziT7+w==}
    dependencies:
      entities: 2.2.0
      xml2js: 0.5.0
    dev: false

  /sax@1.2.4:
    resolution: {integrity: sha512-NqVDv9TpANUjFm0N8uM5GxL36UgKi9/atZw+x7YFnQ8ckwFGKrl4xX4yWtrey3UJm5nP1kUbnYgLopqWNSRhWw==}
    dev: false

  /strnum@1.0.5:
    resolution: {integrity: sha512-J8bbNyKKXl5qYcR36TIO8W3mVGVHrmmxsd5PAItGkmyzwJvybiw2IVq5nqd0i4LSNSkB/sx9VHllbfFdr9k1JA==}
    dev: false

  /tslib@1.14.1:
    resolution: {integrity: sha512-Xni35NKzjgMrwevysHTCArtLDpPvye8zV/0E4EyYn43P7/7qvQwPh9BGkHewbMulVntbigmcT7rdX3BNo9wRJg==}
    dev: false

  /tslib@2.6.2:
    resolution: {integrity: sha512-AEYxH93jGFPn/a2iVAwW87VuUIkR1FVUKB77NwMF7nBTDkDrrT/Hpt/IrCJ0QXhW27jTBDcf5ZY7w6RiqTMw2Q==}
    dev: false

  /typescript@5.2.2:
    resolution: {integrity: sha512-mI4WrpHsbCIcwT9cF4FZvr80QUeKvsUsUvKDoR+X/7XHQH98xYD8YHZg7ANtz2GtZt/CBq2QJ0thkGJMHfqc1w==}
    engines: {node: '>=14.17'}
    hasBin: true
    dev: true

  /undici-types@5.25.3:
    resolution: {integrity: sha512-Ga1jfYwRn7+cP9v8auvEXN1rX3sWqlayd4HP7OKk4mZWylEmu3KzXDUGrQUN6Ol7qo1gPvB2e5gX6udnyEPgdA==}
    dev: true

  /uuid@8.3.2:
    resolution: {integrity: sha512-+NYs2QeMWy+GWFOEm9xnn6HCDp0l7QBD7ml8zLUmJ+93Q5NF0NocErnwkTkXVFNiX3/fpC6afS8Dhb/gz7R7eg==}
    hasBin: true
    dev: false

  /xml2js@0.5.0:
    resolution: {integrity: sha512-drPFnkQJik/O+uPKpqSgr22mpuFHqKdbS835iAQrUC73L2F5WkboIRd63ai/2Yg6I1jzifPFKH2NTK+cfglkIA==}
    engines: {node: '>=4.0.0'}
    dependencies:
      sax: 1.2.4
      xmlbuilder: 11.0.1
    dev: false

  /xmlbuilder@11.0.1:
    resolution: {integrity: sha512-fDlsI/kFEx7gLvbecc0/ohLG50fugQp8ryHzMTuW9vSa1GJ0XYWKnhsUx7oie3G98+r56aTQIUB4kht42R3JvA==}
    engines: {node: '>=4.0'}
    dev: false
